// !$*UTF8*$!
{
	archiveVersion = 1;
	classes = {
	};
	objectVersion = 46;
	objects = {

/* Begin PBXBuildFile section */
		288B119F1DFCC0FD00473413 /* main.c in Sources */ = {isa = PBXBuildFile; fileRef = 284828F11DFCC07600E4FC62 /* main.c */; };
		288B9DE61EF3AB16006F1476 /* boot.S in Sources */ = {isa = PBXBuildFile; fileRef = 288B9D8E1EF3AB16006F1476 /* boot.S */; };
		288B9DE71EF3AB16006F1476 /* x86_desc.S in Sources */ = {isa = PBXBuildFile; fileRef = 288B9D911EF3AB16006F1476 /* x86_desc.S */; };
		288B9DE81EF3AB16006F1476 /* concurrency.S in Sources */ = {isa = PBXBuildFile; fileRef = 288B9D941EF3AB16006F1476 /* concurrency.S */; };
		288B9DE91EF3AB16006F1476 /* rwlock.c in Sources */ = {isa = PBXBuildFile; fileRef = 288B9D951EF3AB16006F1476 /* rwlock.c */; };
		288B9DEA1EF3AB16006F1476 /* rwsem.c in Sources */ = {isa = PBXBuildFile; fileRef = 288B9D971EF3AB16006F1476 /* rwsem.c */; };
		288B9DEB1EF3AB16006F1476 /* semaphore.c in Sources */ = {isa = PBXBuildFile; fileRef = 288B9D991EF3AB16006F1476 /* semaphore.c */; };
		288B9DEC1EF3AB16006F1476 /* spinlock.c in Sources */ = {isa = PBXBuildFile; fileRef = 288B9D9B1EF3AB16006F1476 /* spinlock.c */; };
		288B9DED1EF3AB16006F1476 /* lib.c in Sources */ = {isa = PBXBuildFile; fileRef = 288B9D9E1EF3AB16006F1476 /* lib.c */; };
		288B9DEE1EF3AB16006F1476 /* time.c in Sources */ = {isa = PBXBuildFile; fileRef = 288B9DA01EF3AB16006F1476 /* time.c */; };
		288B9DEF1EF3AB16006F1476 /* types.c in Sources */ = {isa = PBXBuildFile; fileRef = 288B9DA21EF3AB16006F1476 /* types.c */; };
		288B9DF01EF3AB16006F1476 /* ata.c in Sources */ = {isa = PBXBuildFile; fileRef = 288B9DA61EF3AB16006F1476 /* ata.c */; };
		288B9DF11EF3AB16006F1476 /* dma.c in Sources */ = {isa = PBXBuildFile; fileRef = 288B9DA81EF3AB16006F1476 /* dma.c */; };
		288B9DF21EF3AB16006F1476 /* pio.c in Sources */ = {isa = PBXBuildFile; fileRef = 288B9DAA1EF3AB16006F1476 /* pio.c */; };
		288B9DF31EF3AB16006F1476 /* block.c in Sources */ = {isa = PBXBuildFile; fileRef = 288B9DAE1EF3AB16006F1476 /* block.c */; };
		288B9DF41EF3AB16006F1476 /* ext2.c in Sources */ = {isa = PBXBuildFile; fileRef = 288B9DB11EF3AB16006F1476 /* ext2.c */; };
		288B9DF51EF3AB16006F1476 /* inode.c in Sources */ = {isa = PBXBuildFile; fileRef = 288B9DB31EF3AB16006F1476 /* inode.c */; };
		288B9DF61EF3AB16006F1476 /* filesystem.c in Sources */ = {isa = PBXBuildFile; fileRef = 288B9DB51EF3AB16006F1476 /* filesystem.c */; };
		288B9DF71EF3AB16006F1476 /* path.c in Sources */ = {isa = PBXBuildFile; fileRef = 288B9DB71EF3AB16006F1476 /* path.c */; };
		288B9DF81EF3AB16006F1476 /* i8259.c in Sources */ = {isa = PBXBuildFile; fileRef = 288B9DB91EF3AB16006F1476 /* i8259.c */; };
		288B9DF91EF3AB16006F1476 /* keyboard.c in Sources */ = {isa = PBXBuildFile; fileRef = 288B9DBC1EF3AB16006F1476 /* keyboard.c */; };
		288B9DFA1EF3AB16006F1476 /* pci.c in Sources */ = {isa = PBXBuildFile; fileRef = 288B9DBE1EF3AB16006F1476 /* pci.c */; };
		288B9DFB1EF3AB16006F1476 /* pit.c in Sources */ = {isa = PBXBuildFile; fileRef = 288B9DC11EF3AB16006F1476 /* pit.c */; };
		288B9DFC1EF3AB16006F1476 /* rtc.c in Sources */ = {isa = PBXBuildFile; fileRef = 288B9DC41EF3AB16006F1476 /* rtc.c */; };
		288B9DFD1EF3AB16006F1476 /* terminal.c in Sources */ = {isa = PBXBuildFile; fileRef = 288B9DC71EF3AB16006F1476 /* terminal.c */; };
		288B9DFE1EF3AB16006F1476 /* video.c in Sources */ = {isa = PBXBuildFile; fileRef = 288B9DCA1EF3AB16006F1476 /* video.c */; };
		288B9DFF1EF3AB16006F1476 /* kernel.c in Sources */ = {isa = PBXBuildFile; fileRef = 288B9DCC1EF3AB16006F1476 /* kernel.c */; };
		288B9E001EF3AB16006F1476 /* heap.c in Sources */ = {isa = PBXBuildFile; fileRef = 288B9DD01EF3AB16006F1476 /* heap.c */; };
		288B9E011EF3AB16006F1476 /* page_allocator.c in Sources */ = {isa = PBXBuildFile; fileRef = 288B9DD21EF3AB16006F1476 /* page_allocator.c */; };
		288B9E021EF3AB16006F1476 /* memory.c in Sources */ = {isa = PBXBuildFile; fileRef = 288B9DD41EF3AB16006F1476 /* memory.c */; };
		288B9E031EF3AB16006F1476 /* memory_asm.S in Sources */ = {isa = PBXBuildFile; fileRef = 288B9DD61EF3AB16006F1476 /* memory_asm.S */; };
		288B9E041EF3AB16006F1476 /* elf.c in Sources */ = {isa = PBXBuildFile; fileRef = 288B9DD91EF3AB16006F1476 /* elf.c */; };
		288B9E051EF3AB16006F1476 /* signal.c in Sources */ = {isa = PBXBuildFile; fileRef = 288B9DDB1EF3AB16006F1476 /* signal.c */; };
		288B9E061EF3AB16006F1476 /* task.c in Sources */ = {isa = PBXBuildFile; fileRef = 288B9DDD1EF3AB16006F1476 /* task.c */; };
		288B9E071EF3AB16006F1476 /* interrupt.c in Sources */ = {isa = PBXBuildFile; fileRef = 288B9DE11EF3AB16006F1476 /* interrupt.c */; };
		288B9E081EF3AB16006F1476 /* interrupt_asm.S in Sources */ = {isa = PBXBuildFile; fileRef = 288B9DE31EF3AB16006F1476 /* interrupt_asm.S */; };
		288B9E091EF3AB16006F1476 /* syscall.c in Sources */ = {isa = PBXBuildFile; fileRef = 288B9DE41EF3AB16006F1476 /* syscall.c */; };
/* End PBXBuildFile section */

/* Begin PBXCopyFilesBuildPhase section */
		284828801DFCBDF500E4FC62 /* CopyFiles */ = {
			isa = PBXCopyFilesBuildPhase;
			buildActionMask = 2147483647;
			dstPath = /usr/share/man/man1/;
			dstSubfolderSpec = 0;
			files = (
			);
			runOnlyForDeploymentPostprocessing = 1;
		};
/* End PBXCopyFilesBuildPhase section */

/* Begin PBXFileReference section */
		284828821DFCBDF500E4FC62 /* product */ = {isa = PBXFileReference; explicitFileType = "compiled.mach-o.executable"; includeInIndex = 0; path = product; sourceTree = BUILT_PRODUCTS_DIR; };
		284828F11DFCC07600E4FC62 /* main.c */ = {isa = PBXFileReference; fileEncoding = 4; lastKnownFileType = sourcecode.c.c; path = main.c; sourceTree = "<group>"; };
		288B9D8E1EF3AB16006F1476 /* boot.S */ = {isa = PBXFileReference; fileEncoding = 4; lastKnownFileType = sourcecode.asm; path = boot.S; sourceTree = "<group>"; };
		288B9D8F1EF3AB16006F1476 /* multiboot.h */ = {isa = PBXFileReference; fileEncoding = 4; lastKnownFileType = sourcecode.c.h; path = multiboot.h; sourceTree = "<group>"; };
		288B9D901EF3AB16006F1476 /* x86_desc.h */ = {isa = PBXFileReference; fileEncoding = 4; lastKnownFileType = sourcecode.c.h; path = x86_desc.h; sourceTree = "<group>"; };
		288B9D911EF3AB16006F1476 /* x86_desc.S */ = {isa = PBXFileReference; fileEncoding = 4; lastKnownFileType = sourcecode.asm; path = x86_desc.S; sourceTree = "<group>"; };
		288B9D941EF3AB16006F1476 /* concurrency.S */ = {isa = PBXFileReference; fileEncoding = 4; lastKnownFileType = sourcecode.asm; path = concurrency.S; sourceTree = "<group>"; };
		288B9D951EF3AB16006F1476 /* rwlock.c */ = {isa = PBXFileReference; fileEncoding = 4; lastKnownFileType = sourcecode.c.c; path = rwlock.c; sourceTree = "<group>"; };
		288B9D961EF3AB16006F1476 /* rwlock.h */ = {isa = PBXFileReference; fileEncoding = 4; lastKnownFileType = sourcecode.c.h; path = rwlock.h; sourceTree = "<group>"; };
		288B9D971EF3AB16006F1476 /* rwsem.c */ = {isa = PBXFileReference; fileEncoding = 4; lastKnownFileType = sourcecode.c.c; path = rwsem.c; sourceTree = "<group>"; };
		288B9D981EF3AB16006F1476 /* rwsem.h */ = {isa = PBXFileReference; fileEncoding = 4; lastKnownFileType = sourcecode.c.h; path = rwsem.h; sourceTree = "<group>"; };
		288B9D991EF3AB16006F1476 /* semaphore.c */ = {isa = PBXFileReference; fileEncoding = 4; lastKnownFileType = sourcecode.c.c; path = semaphore.c; sourceTree = "<group>"; };
		288B9D9A1EF3AB16006F1476 /* semaphore.h */ = {isa = PBXFileReference; fileEncoding = 4; lastKnownFileType = sourcecode.c.h; path = semaphore.h; sourceTree = "<group>"; };
		288B9D9B1EF3AB16006F1476 /* spinlock.c */ = {isa = PBXFileReference; fileEncoding = 4; lastKnownFileType = sourcecode.c.c; path = spinlock.c; sourceTree = "<group>"; };
		288B9D9C1EF3AB16006F1476 /* spinlock.h */ = {isa = PBXFileReference; fileEncoding = 4; lastKnownFileType = sourcecode.c.h; path = spinlock.h; sourceTree = "<group>"; };
		288B9D9D1EF3AB16006F1476 /* debug.h */ = {isa = PBXFileReference; fileEncoding = 4; lastKnownFileType = sourcecode.c.h; path = debug.h; sourceTree = "<group>"; };
		288B9D9E1EF3AB16006F1476 /* lib.c */ = {isa = PBXFileReference; fileEncoding = 4; lastKnownFileType = sourcecode.c.c; path = lib.c; sourceTree = "<group>"; };
		288B9D9F1EF3AB16006F1476 /* lib.h */ = {isa = PBXFileReference; fileEncoding = 4; lastKnownFileType = sourcecode.c.h; path = lib.h; sourceTree = "<group>"; };
		288B9DA01EF3AB16006F1476 /* time.c */ = {isa = PBXFileReference; fileEncoding = 4; lastKnownFileType = sourcecode.c.c; path = time.c; sourceTree = "<group>"; };
		288B9DA11EF3AB16006F1476 /* time.h */ = {isa = PBXFileReference; fileEncoding = 4; lastKnownFileType = sourcecode.c.h; path = time.h; sourceTree = "<group>"; };
		288B9DA21EF3AB16006F1476 /* types.c */ = {isa = PBXFileReference; fileEncoding = 4; lastKnownFileType = sourcecode.c.c; path = types.c; sourceTree = "<group>"; };
		288B9DA31EF3AB16006F1476 /* types.h */ = {isa = PBXFileReference; fileEncoding = 4; lastKnownFileType = sourcecode.c.h; path = types.h; sourceTree = "<group>"; };
		288B9DA61EF3AB16006F1476 /* ata.c */ = {isa = PBXFileReference; fileEncoding = 4; lastKnownFileType = sourcecode.c.c; path = ata.c; sourceTree = "<group>"; };
		288B9DA71EF3AB16006F1476 /* ata.h */ = {isa = PBXFileReference; fileEncoding = 4; lastKnownFileType = sourcecode.c.h; path = ata.h; sourceTree = "<group>"; };
		288B9DA81EF3AB16006F1476 /* dma.c */ = {isa = PBXFileReference; fileEncoding = 4; lastKnownFileType = sourcecode.c.c; path = dma.c; sourceTree = "<group>"; };
		288B9DA91EF3AB16006F1476 /* dma.h */ = {isa = PBXFileReference; fileEncoding = 4; lastKnownFileType = sourcecode.c.h; path = dma.h; sourceTree = "<group>"; };
		288B9DAA1EF3AB16006F1476 /* pio.c */ = {isa = PBXFileReference; fileEncoding = 4; lastKnownFileType = sourcecode.c.c; path = pio.c; sourceTree = "<group>"; };
		288B9DAB1EF3AB16006F1476 /* pio.h */ = {isa = PBXFileReference; fileEncoding = 4; lastKnownFileType = sourcecode.c.h; path = pio.h; sourceTree = "<group>"; };
		288B9DAE1EF3AB16006F1476 /* block.c */ = {isa = PBXFileReference; fileEncoding = 4; lastKnownFileType = sourcecode.c.c; path = block.c; sourceTree = "<group>"; };
		288B9DAF1EF3AB16006F1476 /* block.h */ = {isa = PBXFileReference; fileEncoding = 4; lastKnownFileType = sourcecode.c.h; path = block.h; sourceTree = "<group>"; };
		288B9DB01EF3AB16006F1476 /* defs.h */ = {isa = PBXFileReference; fileEncoding = 4; lastKnownFileType = sourcecode.c.h; path = defs.h; sourceTree = "<group>"; };
		288B9DB11EF3AB16006F1476 /* ext2.c */ = {isa = PBXFileReference; fileEncoding = 4; lastKnownFileType = sourcecode.c.c; path = ext2.c; sourceTree = "<group>"; };
		288B9DB21EF3AB16006F1476 /* ext2.h */ = {isa = PBXFileReference; fileEncoding = 4; lastKnownFileType = sourcecode.c.h; path = ext2.h; sourceTree = "<group>"; };
		288B9DB31EF3AB16006F1476 /* inode.c */ = {isa = PBXFileReference; fileEncoding = 4; lastKnownFileType = sourcecode.c.c; path = inode.c; sourceTree = "<group>"; };
		288B9DB41EF3AB16006F1476 /* inode.h */ = {isa = PBXFileReference; fileEncoding = 4; lastKnownFileType = sourcecode.c.h; path = inode.h; sourceTree = "<group>"; };
		288B9DB51EF3AB16006F1476 /* filesystem.c */ = {isa = PBXFileReference; fileEncoding = 4; lastKnownFileType = sourcecode.c.c; path = filesystem.c; sourceTree = "<group>"; };
		288B9DB61EF3AB16006F1476 /* filesystem.h */ = {isa = PBXFileReference; fileEncoding = 4; lastKnownFileType = sourcecode.c.h; path = filesystem.h; sourceTree = "<group>"; };
		288B9DB71EF3AB16006F1476 /* path.c */ = {isa = PBXFileReference; fileEncoding = 4; lastKnownFileType = sourcecode.c.c; path = path.c; sourceTree = "<group>"; };
		288B9DB81EF3AB16006F1476 /* path.h */ = {isa = PBXFileReference; fileEncoding = 4; lastKnownFileType = sourcecode.c.h; path = path.h; sourceTree = "<group>"; };
		288B9DB91EF3AB16006F1476 /* i8259.c */ = {isa = PBXFileReference; fileEncoding = 4; lastKnownFileType = sourcecode.c.c; path = i8259.c; sourceTree = "<group>"; };
		288B9DBA1EF3AB16006F1476 /* i8259.h */ = {isa = PBXFileReference; fileEncoding = 4; lastKnownFileType = sourcecode.c.h; path = i8259.h; sourceTree = "<group>"; };
		288B9DBC1EF3AB16006F1476 /* keyboard.c */ = {isa = PBXFileReference; fileEncoding = 4; lastKnownFileType = sourcecode.c.c; path = keyboard.c; sourceTree = "<group>"; };
		288B9DBD1EF3AB16006F1476 /* keyboard.h */ = {isa = PBXFileReference; fileEncoding = 4; lastKnownFileType = sourcecode.c.h; path = keyboard.h; sourceTree = "<group>"; };
		288B9DBE1EF3AB16006F1476 /* pci.c */ = {isa = PBXFileReference; fileEncoding = 4; lastKnownFileType = sourcecode.c.c; path = pci.c; sourceTree = "<group>"; };
		288B9DBF1EF3AB16006F1476 /* pci.h */ = {isa = PBXFileReference; fileEncoding = 4; lastKnownFileType = sourcecode.c.h; path = pci.h; sourceTree = "<group>"; };
		288B9DC11EF3AB16006F1476 /* pit.c */ = {isa = PBXFileReference; fileEncoding = 4; lastKnownFileType = sourcecode.c.c; path = pit.c; sourceTree = "<group>"; };
		288B9DC21EF3AB16006F1476 /* pit.h */ = {isa = PBXFileReference; fileEncoding = 4; lastKnownFileType = sourcecode.c.h; path = pit.h; sourceTree = "<group>"; };
		288B9DC41EF3AB16006F1476 /* rtc.c */ = {isa = PBXFileReference; fileEncoding = 4; lastKnownFileType = sourcecode.c.c; path = rtc.c; sourceTree = "<group>"; };
		288B9DC51EF3AB16006F1476 /* rtc.h */ = {isa = PBXFileReference; fileEncoding = 4; lastKnownFileType = sourcecode.c.h; path = rtc.h; sourceTree = "<group>"; };
		288B9DC71EF3AB16006F1476 /* terminal.c */ = {isa = PBXFileReference; fileEncoding = 4; lastKnownFileType = sourcecode.c.c; path = terminal.c; sourceTree = "<group>"; };
		288B9DC81EF3AB16006F1476 /* terminal.h */ = {isa = PBXFileReference; fileEncoding = 4; lastKnownFileType = sourcecode.c.h; path = terminal.h; sourceTree = "<group>"; };
		288B9DCA1EF3AB16006F1476 /* video.c */ = {isa = PBXFileReference; fileEncoding = 4; lastKnownFileType = sourcecode.c.c; path = video.c; sourceTree = "<group>"; };
		288B9DCB1EF3AB16006F1476 /* video.h */ = {isa = PBXFileReference; fileEncoding = 4; lastKnownFileType = sourcecode.c.h; path = video.h; sourceTree = "<group>"; };
		288B9DCC1EF3AB16006F1476 /* kernel.c */ = {isa = PBXFileReference; fileEncoding = 4; lastKnownFileType = sourcecode.c.c; path = kernel.c; sourceTree = "<group>"; };
		288B9DCF1EF3AB16006F1476 /* buddy.h */ = {isa = PBXFileReference; fileEncoding = 4; lastKnownFileType = sourcecode.c.h; path = buddy.h; sourceTree = "<group>"; };
		288B9DD01EF3AB16006F1476 /* heap.c */ = {isa = PBXFileReference; fileEncoding = 4; lastKnownFileType = sourcecode.c.c; path = heap.c; sourceTree = "<group>"; };
		288B9DD11EF3AB16006F1476 /* heap.h */ = {isa = PBXFileReference; fileEncoding = 4; lastKnownFileType = sourcecode.c.h; path = heap.h; sourceTree = "<group>"; };
		288B9DD21EF3AB16006F1476 /* page_allocator.c */ = {isa = PBXFileReference; fileEncoding = 4; lastKnownFileType = sourcecode.c.c; path = page_allocator.c; sourceTree = "<group>"; };
		288B9DD31EF3AB16006F1476 /* page_allocator.h */ = {isa = PBXFileReference; fileEncoding = 4; lastKnownFileType = sourcecode.c.h; path = page_allocator.h; sourceTree = "<group>"; };
		288B9DD41EF3AB16006F1476 /* memory.c */ = {isa = PBXFileReference; fileEncoding = 4; lastKnownFileType = sourcecode.c.c; path = memory.c; sourceTree = "<group>"; };
		288B9DD51EF3AB16006F1476 /* memory.h */ = {isa = PBXFileReference; fileEncoding = 4; lastKnownFileType = sourcecode.c.h; path = memory.h; sourceTree = "<group>"; };
		288B9DD61EF3AB16006F1476 /* memory_asm.S */ = {isa = PBXFileReference; fileEncoding = 4; lastKnownFileType = sourcecode.asm; path = memory_asm.S; sourceTree = "<group>"; };
		288B9DD91EF3AB16006F1476 /* elf.c */ = {isa = PBXFileReference; fileEncoding = 4; lastKnownFileType = sourcecode.c.c; path = elf.c; sourceTree = "<group>"; };
		288B9DDA1EF3AB16006F1476 /* elf.h */ = {isa = PBXFileReference; fileEncoding = 4; lastKnownFileType = sourcecode.c.h; path = elf.h; sourceTree = "<group>"; };
		288B9DDB1EF3AB16006F1476 /* signal.c */ = {isa = PBXFileReference; fileEncoding = 4; lastKnownFileType = sourcecode.c.c; path = signal.c; sourceTree = "<group>"; };
		288B9DDC1EF3AB16006F1476 /* signal.h */ = {isa = PBXFileReference; fileEncoding = 4; lastKnownFileType = sourcecode.c.h; path = signal.h; sourceTree = "<group>"; };
		288B9DDD1EF3AB16006F1476 /* task.c */ = {isa = PBXFileReference; fileEncoding = 4; lastKnownFileType = sourcecode.c.c; path = task.c; sourceTree = "<group>"; };
		288B9DDE1EF3AB16006F1476 /* task.h */ = {isa = PBXFileReference; fileEncoding = 4; lastKnownFileType = sourcecode.c.h; path = task.h; sourceTree = "<group>"; };
		288B9DE01EF3AB16006F1476 /* descriptor.h */ = {isa = PBXFileReference; fileEncoding = 4; lastKnownFileType = sourcecode.c.h; path = descriptor.h; sourceTree = "<group>"; };
		288B9DE11EF3AB16006F1476 /* interrupt.c */ = {isa = PBXFileReference; fileEncoding = 4; lastKnownFileType = sourcecode.c.c; path = interrupt.c; sourceTree = "<group>"; };
		288B9DE21EF3AB16006F1476 /* interrupt.h */ = {isa = PBXFileReference; fileEncoding = 4; lastKnownFileType = sourcecode.c.h; path = interrupt.h; sourceTree = "<group>"; };
		288B9DE31EF3AB16006F1476 /* interrupt_asm.S */ = {isa = PBXFileReference; fileEncoding = 4; lastKnownFileType = sourcecode.asm; path = interrupt_asm.S; sourceTree = "<group>"; };
		288B9DE41EF3AB16006F1476 /* syscall.c */ = {isa = PBXFileReference; fileEncoding = 4; lastKnownFileType = sourcecode.c.c; path = syscall.c; sourceTree = "<group>"; };
		288B9DE51EF3AB16006F1476 /* syscall.h */ = {isa = PBXFileReference; fileEncoding = 4; lastKnownFileType = sourcecode.c.h; path = syscall.h; sourceTree = "<group>"; };
		288B9E0A1EF3AB42006F1476 /* build.sh */ = {isa = PBXFileReference; lastKnownFileType = text.script.sh; name = build.sh; path = NeilOS/build.sh; sourceTree = SOURCE_ROOT; };
		288B9E0B1EF3AB42006F1476 /* fs.sh */ = {isa = PBXFileReference; lastKnownFileType = text.script.sh; name = fs.sh; path = NeilOS/fs.sh; sourceTree = SOURCE_ROOT; };
		288B9E0C1EF3AB42006F1476 /* vmware.sh */ = {isa = PBXFileReference; lastKnownFileType = text.script.sh; name = vmware.sh; path = NeilOS/vmware.sh; sourceTree = SOURCE_ROOT; };
/* End PBXFileReference section */

/* Begin PBXFrameworksBuildPhase section */
		2848287F1DFCBDF500E4FC62 /* Frameworks */ = {
			isa = PBXFrameworksBuildPhase;
			buildActionMask = 2147483647;
			files = (
			);
			runOnlyForDeploymentPostprocessing = 0;
		};
/* End PBXFrameworksBuildPhase section */

/* Begin PBXGroup section */
		284827D01DFC98F800E4FC62 = {
			isa = PBXGroup;
			children = (
				284827DB1DFC98F800E4FC62 /* NeilOS */,
				284828831DFCBDF500E4FC62 /* product */,
				284827DA1DFC98F800E4FC62 /* Products */,
			);
			sourceTree = "<group>";
		};
		284827DA1DFC98F800E4FC62 /* Products */ = {
			isa = PBXGroup;
			children = (
				284828821DFCBDF500E4FC62 /* product */,
			);
			name = Products;
			sourceTree = "<group>";
		};
		284827DB1DFC98F800E4FC62 /* NeilOS */ = {
			isa = PBXGroup;
			children = (
				288B9D8C1EF3AB16006F1476 /* kernel */,
			);
			path = NeilOS;
			sourceTree = "<group>";
		};
		284828831DFCBDF500E4FC62 /* product */ = {
			isa = PBXGroup;
			children = (
				288B9E0A1EF3AB42006F1476 /* build.sh */,
				288B9E0B1EF3AB42006F1476 /* fs.sh */,
				288B9E0C1EF3AB42006F1476 /* vmware.sh */,
				284828F11DFCC07600E4FC62 /* main.c */,
			);
			path = product;
			sourceTree = "<group>";
		};
		288B9D8C1EF3AB16006F1476 /* kernel */ = {
			isa = PBXGroup;
			children = (
				288B9D8D1EF3AB16006F1476 /* boot */,
				288B9D921EF3AB16006F1476 /* common */,
				288B9DA41EF3AB16006F1476 /* drivers */,
				288B9DCC1EF3AB16006F1476 /* kernel.c */,
				288B9DCD1EF3AB16006F1476 /* memory */,
				288B9DD71EF3AB16006F1476 /* program */,
				288B9DDF1EF3AB16006F1476 /* syscalls */,
			);
			path = kernel;
			sourceTree = "<group>";
		};
		288B9D8D1EF3AB16006F1476 /* boot */ = {
			isa = PBXGroup;
			children = (
				288B9D8E1EF3AB16006F1476 /* boot.S */,
				288B9D8F1EF3AB16006F1476 /* multiboot.h */,
				288B9D901EF3AB16006F1476 /* x86_desc.h */,
				288B9D911EF3AB16006F1476 /* x86_desc.S */,
			);
			path = boot;
			sourceTree = "<group>";
		};
		288B9D921EF3AB16006F1476 /* common */ = {
			isa = PBXGroup;
			children = (
				288B9D931EF3AB16006F1476 /* concurrency */,
				288B9D9D1EF3AB16006F1476 /* debug.h */,
				288B9D9E1EF3AB16006F1476 /* lib.c */,
				288B9D9F1EF3AB16006F1476 /* lib.h */,
				288B9DA01EF3AB16006F1476 /* time.c */,
				288B9DA11EF3AB16006F1476 /* time.h */,
				288B9DA21EF3AB16006F1476 /* types.c */,
				288B9DA31EF3AB16006F1476 /* types.h */,
			);
			path = common;
			sourceTree = "<group>";
		};
		288B9D931EF3AB16006F1476 /* concurrency */ = {
			isa = PBXGroup;
			children = (
				288B9D941EF3AB16006F1476 /* concurrency.S */,
				288B9D951EF3AB16006F1476 /* rwlock.c */,
				288B9D961EF3AB16006F1476 /* rwlock.h */,
				288B9D971EF3AB16006F1476 /* rwsem.c */,
				288B9D981EF3AB16006F1476 /* rwsem.h */,
				288B9D991EF3AB16006F1476 /* semaphore.c */,
				288B9D9A1EF3AB16006F1476 /* semaphore.h */,
				288B9D9B1EF3AB16006F1476 /* spinlock.c */,
				288B9D9C1EF3AB16006F1476 /* spinlock.h */,
			);
			path = concurrency;
			sourceTree = "<group>";
		};
		288B9DA41EF3AB16006F1476 /* drivers */ = {
			isa = PBXGroup;
			children = (
				288B9DA51EF3AB16006F1476 /* ATA */,
				288B9DAC1EF3AB16006F1476 /* filesystem */,
				288B9DB91EF3AB16006F1476 /* i8259.c */,
				288B9DBA1EF3AB16006F1476 /* i8259.h */,
				288B9DBB1EF3AB16006F1476 /* keyboard */,
				288B9DBE1EF3AB16006F1476 /* pci.c */,
				288B9DBF1EF3AB16006F1476 /* pci.h */,
				288B9DC01EF3AB16006F1476 /* pit */,
				288B9DC31EF3AB16006F1476 /* rtc */,
				288B9DC61EF3AB16006F1476 /* terminal */,
				288B9DC91EF3AB16006F1476 /* video */,
			);
			path = drivers;
			sourceTree = "<group>";
		};
		288B9DA51EF3AB16006F1476 /* ATA */ = {
			isa = PBXGroup;
			children = (
				288B9DA61EF3AB16006F1476 /* ata.c */,
				288B9DA71EF3AB16006F1476 /* ata.h */,
				288B9DA81EF3AB16006F1476 /* dma.c */,
				288B9DA91EF3AB16006F1476 /* dma.h */,
				288B9DAA1EF3AB16006F1476 /* pio.c */,
				288B9DAB1EF3AB16006F1476 /* pio.h */,
			);
			path = ATA;
			sourceTree = "<group>";
		};
		288B9DAC1EF3AB16006F1476 /* filesystem */ = {
			isa = PBXGroup;
			children = (
				288B9DAD1EF3AB16006F1476 /* ext2 */,
				288B9DB51EF3AB16006F1476 /* filesystem.c */,
				288B9DB61EF3AB16006F1476 /* filesystem.h */,
				288B9DB71EF3AB16006F1476 /* path.c */,
				288B9DB81EF3AB16006F1476 /* path.h */,
			);
			path = filesystem;
			sourceTree = "<group>";
		};
		288B9DAD1EF3AB16006F1476 /* ext2 */ = {
			isa = PBXGroup;
			children = (
				288B9DAE1EF3AB16006F1476 /* block.c */,
				288B9DAF1EF3AB16006F1476 /* block.h */,
				288B9DB01EF3AB16006F1476 /* defs.h */,
				288B9DB11EF3AB16006F1476 /* ext2.c */,
				288B9DB21EF3AB16006F1476 /* ext2.h */,
				288B9DB31EF3AB16006F1476 /* inode.c */,
				288B9DB41EF3AB16006F1476 /* inode.h */,
			);
			path = ext2;
			sourceTree = "<group>";
		};
		288B9DBB1EF3AB16006F1476 /* keyboard */ = {
			isa = PBXGroup;
			children = (
				288B9DBC1EF3AB16006F1476 /* keyboard.c */,
				288B9DBD1EF3AB16006F1476 /* keyboard.h */,
			);
			path = keyboard;
			sourceTree = "<group>";
		};
		288B9DC01EF3AB16006F1476 /* pit */ = {
			isa = PBXGroup;
			children = (
				288B9DC11EF3AB16006F1476 /* pit.c */,
				288B9DC21EF3AB16006F1476 /* pit.h */,
			);
			path = pit;
			sourceTree = "<group>";
		};
		288B9DC31EF3AB16006F1476 /* rtc */ = {
			isa = PBXGroup;
			children = (
				288B9DC41EF3AB16006F1476 /* rtc.c */,
				288B9DC51EF3AB16006F1476 /* rtc.h */,
			);
			path = rtc;
			sourceTree = "<group>";
		};
		288B9DC61EF3AB16006F1476 /* terminal */ = {
			isa = PBXGroup;
			children = (
				288B9DC71EF3AB16006F1476 /* terminal.c */,
				288B9DC81EF3AB16006F1476 /* terminal.h */,
			);
			path = terminal;
			sourceTree = "<group>";
		};
		288B9DC91EF3AB16006F1476 /* video */ = {
			isa = PBXGroup;
			children = (
				288B9DCA1EF3AB16006F1476 /* video.c */,
				288B9DCB1EF3AB16006F1476 /* video.h */,
			);
			path = video;
			sourceTree = "<group>";
		};
		288B9DCD1EF3AB16006F1476 /* memory */ = {
			isa = PBXGroup;
			children = (
				288B9DCE1EF3AB16006F1476 /* allocation */,
				288B9DD41EF3AB16006F1476 /* memory.c */,
				288B9DD51EF3AB16006F1476 /* memory.h */,
				288B9DD61EF3AB16006F1476 /* memory_asm.S */,
			);
			path = memory;
			sourceTree = "<group>";
		};
		288B9DCE1EF3AB16006F1476 /* allocation */ = {
			isa = PBXGroup;
			children = (
				288B9DCF1EF3AB16006F1476 /* buddy.h */,
				288B9DD01EF3AB16006F1476 /* heap.c */,
				288B9DD11EF3AB16006F1476 /* heap.h */,
				288B9DD21EF3AB16006F1476 /* page_allocator.c */,
				288B9DD31EF3AB16006F1476 /* page_allocator.h */,
			);
			path = allocation;
			sourceTree = "<group>";
		};
		288B9DD71EF3AB16006F1476 /* program */ = {
			isa = PBXGroup;
			children = (
				288B9DD81EF3AB16006F1476 /* loader */,
				288B9DDB1EF3AB16006F1476 /* signal.c */,
				288B9DDC1EF3AB16006F1476 /* signal.h */,
				288B9DDD1EF3AB16006F1476 /* task.c */,
				288B9DDE1EF3AB16006F1476 /* task.h */,
			);
			path = program;
			sourceTree = "<group>";
		};
		288B9DD81EF3AB16006F1476 /* loader */ = {
			isa = PBXGroup;
			children = (
				288B9DD91EF3AB16006F1476 /* elf.c */,
				288B9DDA1EF3AB16006F1476 /* elf.h */,
			);
			path = loader;
			sourceTree = "<group>";
		};
		288B9DDF1EF3AB16006F1476 /* syscalls */ = {
			isa = PBXGroup;
			children = (
				288B9DE01EF3AB16006F1476 /* descriptor.h */,
				288B9DE11EF3AB16006F1476 /* interrupt.c */,
				288B9DE21EF3AB16006F1476 /* interrupt.h */,
				288B9DE31EF3AB16006F1476 /* interrupt_asm.S */,
				288B9DE41EF3AB16006F1476 /* syscall.c */,
				288B9DE51EF3AB16006F1476 /* syscall.h */,
			);
			path = syscalls;
			sourceTree = "<group>";
		};
/* End PBXGroup section */

/* Begin PBXNativeTarget section */
		284828811DFCBDF500E4FC62 /* product */ = {
			isa = PBXNativeTarget;
			buildConfigurationList = 284828861DFCBDF500E4FC62 /* Build configuration list for PBXNativeTarget "product" */;
			buildPhases = (
				287CFA4B1EF25E98005D87D3 /* ShellScript */,
				287CFA501EF26002005D87D3 /* ShellScript */,
				2848287F1DFCBDF500E4FC62 /* Frameworks */,
				284828801DFCBDF500E4FC62 /* CopyFiles */,
				288B117D1DFCC0F300473413 /* Sources */,
			);
			buildRules = (
			);
			dependencies = (
			);
			name = product;
			productName = product;
			productReference = 284828821DFCBDF500E4FC62 /* product */;
			productType = "com.apple.product-type.tool";
		};
/* End PBXNativeTarget section */

/* Begin PBXProject section */
		284827D11DFC98F800E4FC62 /* Project object */ = {
			isa = PBXProject;
			attributes = {
				LastUpgradeCheck = 0830;
				ORGANIZATIONNAME = "Neil Singh";
				TargetAttributes = {
					284828811DFCBDF500E4FC62 = {
						CreatedOnToolsVersion = 8.1;
						DevelopmentTeam = K3L3Y6WG7K;
						ProvisioningStyle = Automatic;
					};
				};
			};
			buildConfigurationList = 284827D41DFC98F800E4FC62 /* Build configuration list for PBXProject "NeilOS" */;
			compatibilityVersion = "Xcode 3.2";
			developmentRegion = English;
			hasScannedForEncodings = 0;
			knownRegions = (
				en,
			);
			mainGroup = 284827D01DFC98F800E4FC62;
			productRefGroup = 284827DA1DFC98F800E4FC62 /* Products */;
			projectDirPath = "";
			projectRoot = "";
			targets = (
				284828811DFCBDF500E4FC62 /* product */,
			);
		};
/* End PBXProject section */

/* Begin PBXShellScriptBuildPhase section */
		287CFA4B1EF25E98005D87D3 /* ShellScript */ = {
			isa = PBXShellScriptBuildPhase;
			buildActionMask = 2147483647;
			files = (
			);
			inputPaths = (
			);
			outputPaths = (
			);
			runOnlyForDeploymentPostprocessing = 0;
			shellPath = /bin/sh;
			shellScript = "/Users/Neil/Downloads/ece391/ece391_share/work/anonymous/student-distrib/build.sh";
		};
		287CFA501EF26002005D87D3 /* ShellScript */ = {
			isa = PBXShellScriptBuildPhase;
			buildActionMask = 2147483647;
			files = (
			);
			inputPaths = (
			);
			outputPaths = (
			);
			runOnlyForDeploymentPostprocessing = 0;
			shellPath = /bin/sh;
			shellScript = "/Users/Neil/Downloads/ece391/ece391_share/work/anonymous/student-distrib/fs.sh";
		};
/* End PBXShellScriptBuildPhase section */

/* Begin PBXSourcesBuildPhase section */
		288B117D1DFCC0F300473413 /* Sources */ = {
			isa = PBXSourcesBuildPhase;
			buildActionMask = 2147483647;
			files = (
				288B9DFA1EF3AB16006F1476 /* pci.c in Sources */,
				288B9E091EF3AB16006F1476 /* syscall.c in Sources */,
				288B9DF31EF3AB16006F1476 /* block.c in Sources */,
				288B9DF01EF3AB16006F1476 /* ata.c in Sources */,
				288B9DFE1EF3AB16006F1476 /* video.c in Sources */,
				288B9DEE1EF3AB16006F1476 /* time.c in Sources */,
				288B9DEF1EF3AB16006F1476 /* types.c in Sources */,
				288B9DEA1EF3AB16006F1476 /* rwsem.c in Sources */,
				288B9E071EF3AB16006F1476 /* interrupt.c in Sources */,
				288B9DF91EF3AB16006F1476 /* keyboard.c in Sources */,
				288B9DF81EF3AB16006F1476 /* i8259.c in Sources */,
				288B9DE91EF3AB16006F1476 /* rwlock.c in Sources */,
				288B9DF11EF3AB16006F1476 /* dma.c in Sources */,
				288B119F1DFCC0FD00473413 /* main.c in Sources */,
				288B9DEB1EF3AB16006F1476 /* semaphore.c in Sources */,
				288B9E041EF3AB16006F1476 /* elf.c in Sources */,
				288B9DE81EF3AB16006F1476 /* concurrency.S in Sources */,
				288B9DFB1EF3AB16006F1476 /* pit.c in Sources */,
				288B9E081EF3AB16006F1476 /* interrupt_asm.S in Sources */,
				288B9E061EF3AB16006F1476 /* task.c in Sources */,
				288B9DF41EF3AB16006F1476 /* ext2.c in Sources */,
				288B9DFC1EF3AB16006F1476 /* rtc.c in Sources */,
				288B9E051EF3AB16006F1476 /* signal.c in Sources */,
				288B9E031EF3AB16006F1476 /* memory_asm.S in Sources */,
				288B9E001EF3AB16006F1476 /* heap.c in Sources */,
				288B9DE61EF3AB16006F1476 /* boot.S in Sources */,
				288B9DF21EF3AB16006F1476 /* pio.c in Sources */,
				288B9E011EF3AB16006F1476 /* page_allocator.c in Sources */,
				288B9DFF1EF3AB16006F1476 /* kernel.c in Sources */,
				288B9E021EF3AB16006F1476 /* memory.c in Sources */,
				288B9DFD1EF3AB16006F1476 /* terminal.c in Sources */,
				288B9DED1EF3AB16006F1476 /* lib.c in Sources */,
				288B9DEC1EF3AB16006F1476 /* spinlock.c in Sources */,
				288B9DE71EF3AB16006F1476 /* x86_desc.S in Sources */,
				288B9DF61EF3AB16006F1476 /* filesystem.c in Sources */,
				288B9DF51EF3AB16006F1476 /* inode.c in Sources */,
				288B9DF71EF3AB16006F1476 /* path.c in Sources */,
			);
			runOnlyForDeploymentPostprocessing = 0;
		};
/* End PBXSourcesBuildPhase section */

/* Begin XCBuildConfiguration section */
		284827DE1DFC98F800E4FC62 /* Debug */ = {
			isa = XCBuildConfiguration;
			buildSettings = {
				ALWAYS_SEARCH_USER_PATHS = NO;
				ARCHS = "$(ARCHS_STANDARD_32_BIT)";
				CLANG_ANALYZER_NONNULL = YES;
				CLANG_CXX_LANGUAGE_STANDARD = "gnu++0x";
				CLANG_CXX_LIBRARY = "libc++";
				CLANG_ENABLE_MODULES = YES;
				CLANG_ENABLE_OBJC_ARC = YES;
				CLANG_WARN_BOOL_CONVERSION = YES;
				CLANG_WARN_CONSTANT_CONVERSION = YES;
				CLANG_WARN_DIRECT_OBJC_ISA_USAGE = YES_ERROR;
				CLANG_WARN_DOCUMENTATION_COMMENTS = YES;
				CLANG_WARN_EMPTY_BODY = YES;
				CLANG_WARN_ENUM_CONVERSION = YES;
				CLANG_WARN_INFINITE_RECURSION = YES;
				CLANG_WARN_INT_CONVERSION = YES;
				CLANG_WARN_OBJC_ROOT_CLASS = YES_ERROR;
				CLANG_WARN_SUSPICIOUS_MOVE = YES;
				CLANG_WARN_SUSPICIOUS_MOVES = YES;
				CLANG_WARN_UNREACHABLE_CODE = YES;
				CLANG_WARN__DUPLICATE_METHOD_MATCH = YES;
				CODE_SIGN_IDENTITY = "-";
				COPY_PHASE_STRIP = NO;
				DEBUG_INFORMATION_FORMAT = dwarf;
				ENABLE_STRICT_OBJC_MSGSEND = YES;
				ENABLE_TESTABILITY = YES;
				GCC_C_LANGUAGE_STANDARD = gnu99;
				GCC_DYNAMIC_NO_PIC = NO;
				GCC_NO_COMMON_BLOCKS = YES;
				GCC_OPTIMIZATION_LEVEL = 0;
				GCC_PREPROCESSOR_DEFINITIONS = (
					"DEBUG=1",
					"$(inherited)",
				);
				GCC_WARN_64_TO_32_BIT_CONVERSION = YES;
				GCC_WARN_ABOUT_RETURN_TYPE = YES_ERROR;
				GCC_WARN_UNDECLARED_SELECTOR = YES;
				GCC_WARN_UNINITIALIZED_AUTOS = YES_AGGRESSIVE;
				GCC_WARN_UNUSED_FUNCTION = YES;
				GCC_WARN_UNUSED_VARIABLE = YES;
				HEADER_SEARCH_PATHS = "/Users/Neil/Downloads/ece391/ece391_share/work/anonymous/student-distrib/kernel";
				LD_NO_PIE = YES;
				MACOSX_DEPLOYMENT_TARGET = 10.12;
				MTL_ENABLE_DEBUG_INFO = YES;
				ONLY_ACTIVE_ARCH = YES;
				OTHER_LDFLAGS = "";
				SDKROOT = macosx;
			};
			name = Debug;
		};
		284827DF1DFC98F800E4FC62 /* Release */ = {
			isa = XCBuildConfiguration;
			buildSettings = {
				ALWAYS_SEARCH_USER_PATHS = NO;
				ARCHS = "$(ARCHS_STANDARD_32_BIT)";
				CLANG_ANALYZER_NONNULL = YES;
				CLANG_CXX_LANGUAGE_STANDARD = "gnu++0x";
				CLANG_CXX_LIBRARY = "libc++";
				CLANG_ENABLE_MODULES = YES;
				CLANG_ENABLE_OBJC_ARC = YES;
				CLANG_WARN_BOOL_CONVERSION = YES;
				CLANG_WARN_CONSTANT_CONVERSION = YES;
				CLANG_WARN_DIRECT_OBJC_ISA_USAGE = YES_ERROR;
				CLANG_WARN_DOCUMENTATION_COMMENTS = YES;
				CLANG_WARN_EMPTY_BODY = YES;
				CLANG_WARN_ENUM_CONVERSION = YES;
				CLANG_WARN_INFINITE_RECURSION = YES;
				CLANG_WARN_INT_CONVERSION = YES;
				CLANG_WARN_OBJC_ROOT_CLASS = YES_ERROR;
				CLANG_WARN_SUSPICIOUS_MOVE = YES;
				CLANG_WARN_SUSPICIOUS_MOVES = YES;
				CLANG_WARN_UNREACHABLE_CODE = YES;
				CLANG_WARN__DUPLICATE_METHOD_MATCH = YES;
				CODE_SIGN_IDENTITY = "-";
				COPY_PHASE_STRIP = NO;
				DEBUG_INFORMATION_FORMAT = "dwarf-with-dsym";
				ENABLE_NS_ASSERTIONS = NO;
				ENABLE_STRICT_OBJC_MSGSEND = YES;
				GCC_C_LANGUAGE_STANDARD = gnu99;
				GCC_NO_COMMON_BLOCKS = YES;
				GCC_WARN_64_TO_32_BIT_CONVERSION = YES;
				GCC_WARN_ABOUT_RETURN_TYPE = YES_ERROR;
				GCC_WARN_UNDECLARED_SELECTOR = YES;
				GCC_WARN_UNINITIALIZED_AUTOS = YES_AGGRESSIVE;
				GCC_WARN_UNUSED_FUNCTION = YES;
				GCC_WARN_UNUSED_VARIABLE = YES;
				HEADER_SEARCH_PATHS = "/Users/Neil/Downloads/ece391/ece391_share/work/anonymous/student-distrib/kernel";
				LD_NO_PIE = YES;
				MACOSX_DEPLOYMENT_TARGET = 10.12;
				MTL_ENABLE_DEBUG_INFO = NO;
				OTHER_LDFLAGS = "";
				SDKROOT = macosx;
			};
			name = Release;
		};
		284828871DFCBDF500E4FC62 /* Debug */ = {
			isa = XCBuildConfiguration;
			buildSettings = {
				DEVELOPMENT_TEAM = K3L3Y6WG7K;
				GCC_ENABLE_BUILTIN_FUNCTIONS = NO;
				LINK_WITH_STANDARD_LIBRARIES = YES;
				OTHER_LDFLAGS = "";
				PRODUCT_NAME = "$(TARGET_NAME)";
				VALID_ARCHS = i386;
			};
			name = Debug;
		};
		284828881DFCBDF500E4FC62 /* Release */ = {
			isa = XCBuildConfiguration;
			buildSettings = {
				DEVELOPMENT_TEAM = K3L3Y6WG7K;
				GCC_ENABLE_BUILTIN_FUNCTIONS = NO;
				LINK_WITH_STANDARD_LIBRARIES = YES;
				OTHER_LDFLAGS = "";
				PRODUCT_NAME = "$(TARGET_NAME)";
				VALID_ARCHS = i386;
			};
			name = Release;
		};
/* End XCBuildConfiguration section */

/* Begin XCConfigurationList section */
		284827D41DFC98F800E4FC62 /* Build configuration list for PBXProject "NeilOS" */ = {
			isa = XCConfigurationList;
			buildConfigurations = (
				284827DE1DFC98F800E4FC62 /* Debug */,
				284827DF1DFC98F800E4FC62 /* Release */,
			);
			defaultConfigurationIsVisible = 0;
			defaultConfigurationName = Release;
		};
		284828861DFCBDF500E4FC62 /* Build configuration list for PBXNativeTarget "product" */ = {
			isa = XCConfigurationList;
			buildConfigurations = (
				284828871DFCBDF500E4FC62 /* Debug */,
				284828881DFCBDF500E4FC62 /* Release */,
			);
			defaultConfigurationIsVisible = 0;
			defaultConfigurationName = Release;
		};
/* End XCConfigurationList section */
	};
	rootObject = 284827D11DFC98F800E4FC62 /* Project object */;
}
