// !$*UTF8*$!
{
	archiveVersion = 1;
	classes = {
	};
	objectVersion = 48;
	objects = {

/* Begin PBXBuildFile section */
		280126272007260B00647962 /* main.cpp in Sources */ = {isa = PBXBuildFile; fileRef = 280126262007260B00647962 /* main.cpp */; };
		2801262B2007261500647962 /* NSSound.cpp in Sources */ = {isa = PBXBuildFile; fileRef = 2801261C200720B200647962 /* NSSound.cpp */; };
		281CEB1C201FB63D00C7D407 /* NSLog.cpp in Sources */ = {isa = PBXBuildFile; fileRef = 281CEB1A201FB63D00C7D407 /* NSLog.cpp */; };
		281CEB1F201FEF3200C7D407 /* NSImage.cpp in Sources */ = {isa = PBXBuildFile; fileRef = 281CEB1D201FEF3200C7D407 /* NSImage.cpp */; };
		281CEB22201FF09D00C7D407 /* NSTypes.cpp in Sources */ = {isa = PBXBuildFile; fileRef = 281CEB21201FF09D00C7D407 /* NSTypes.cpp */; };
		281CEB25201FF7FA00C7D407 /* NSColor.cpp in Sources */ = {isa = PBXBuildFile; fileRef = 281CEB23201FF7FA00C7D407 /* NSColor.cpp */; };
		281CEB2B20211F1400C7D407 /* NSFont.cpp in Sources */ = {isa = PBXBuildFile; fileRef = 281CEB2920211F1400C7D407 /* NSFont.cpp */; };
		28A3B9EF2032CCE20091A44E /* NSEvent.cpp in Sources */ = {isa = PBXBuildFile; fileRef = 28A3B9ED2032CCE20091A44E /* NSEvent.cpp */; };
		28A3B9F22032CD0D0091A44E /* NSTimer.cpp in Sources */ = {isa = PBXBuildFile; fileRef = 28A3B9F02032CD0D0091A44E /* NSTimer.cpp */; };
		28A3B9F52032CD340091A44E /* NSRunLoop.cpp in Sources */ = {isa = PBXBuildFile; fileRef = 28A3B9F32032CD340091A44E /* NSRunLoop.cpp */; };
		28A3B9F82032CD6D0091A44E /* NSThread.cpp in Sources */ = {isa = PBXBuildFile; fileRef = 28A3B9F62032CD6D0091A44E /* NSThread.cpp */; };
		28A3B9FB2032CD930091A44E /* NSHandler.cpp in Sources */ = {isa = PBXBuildFile; fileRef = 28A3B9F92032CD930091A44E /* NSHandler.cpp */; };
		28A3B9FE2032CFC10091A44E /* NSLock.cpp in Sources */ = {isa = PBXBuildFile; fileRef = 28A3B9FC2032CFC10091A44E /* NSLock.cpp */; };
		28A3BA012033DE7C0091A44E /* NSApplication.cpp in Sources */ = {isa = PBXBuildFile; fileRef = 28A3B9FF2033DE7C0091A44E /* NSApplication.cpp */; };
/* End PBXBuildFile section */

/* Begin PBXCopyFilesBuildPhase section */
		280126212007260B00647962 /* CopyFiles */ = {
			isa = PBXCopyFilesBuildPhase;
			buildActionMask = 2147483647;
			dstPath = /usr/share/man/man1/;
			dstSubfolderSpec = 0;
			files = (
			);
			runOnlyForDeploymentPostprocessing = 1;
		};
/* End PBXCopyFilesBuildPhase section */

/* Begin PBXFileReference section */
		2801261C200720B200647962 /* NSSound.cpp */ = {isa = PBXFileReference; lastKnownFileType = sourcecode.cpp.cpp; path = NSSound.cpp; sourceTree = "<group>"; };
		2801261D200720B200647962 /* NSSound.h */ = {isa = PBXFileReference; lastKnownFileType = sourcecode.c.h; path = NSSound.h; sourceTree = "<group>"; };
		2801261E200720E400647962 /* Makefile */ = {isa = PBXFileReference; lastKnownFileType = sourcecode.make; path = Makefile; sourceTree = "<group>"; };
		280126232007260B00647962 /* product */ = {isa = PBXFileReference; explicitFileType = "compiled.mach-o.executable"; includeInIndex = 0; path = product; sourceTree = BUILT_PRODUCTS_DIR; };
		280126262007260B00647962 /* main.cpp */ = {isa = PBXFileReference; lastKnownFileType = sourcecode.cpp.cpp; path = main.cpp; sourceTree = "<group>"; };
		281CEB1A201FB63D00C7D407 /* NSLog.cpp */ = {isa = PBXFileReference; lastKnownFileType = sourcecode.cpp.cpp; path = NSLog.cpp; sourceTree = "<group>"; };
		281CEB1B201FB63D00C7D407 /* NSLog.h */ = {isa = PBXFileReference; lastKnownFileType = sourcecode.c.h; path = NSLog.h; sourceTree = "<group>"; };
		281CEB1D201FEF3200C7D407 /* NSImage.cpp */ = {isa = PBXFileReference; lastKnownFileType = sourcecode.cpp.cpp; path = NSImage.cpp; sourceTree = "<group>"; };
		281CEB1E201FEF3200C7D407 /* NSImage.h */ = {isa = PBXFileReference; lastKnownFileType = sourcecode.c.h; path = NSImage.h; sourceTree = "<group>"; };
		281CEB20201FF04800C7D407 /* NSTypes.h */ = {isa = PBXFileReference; lastKnownFileType = sourcecode.c.h; path = NSTypes.h; sourceTree = "<group>"; };
		281CEB21201FF09D00C7D407 /* NSTypes.cpp */ = {isa = PBXFileReference; lastKnownFileType = sourcecode.cpp.cpp; path = NSTypes.cpp; sourceTree = "<group>"; };
		281CEB23201FF7FA00C7D407 /* NSColor.cpp */ = {isa = PBXFileReference; lastKnownFileType = sourcecode.cpp.cpp; path = NSColor.cpp; sourceTree = "<group>"; };
		281CEB24201FF7FA00C7D407 /* NSColor.h */ = {isa = PBXFileReference; lastKnownFileType = sourcecode.c.h; path = NSColor.h; sourceTree = "<group>"; };
		281CEB2920211F1400C7D407 /* NSFont.cpp */ = {isa = PBXFileReference; lastKnownFileType = sourcecode.cpp.cpp; path = NSFont.cpp; sourceTree = "<group>"; };
		281CEB2A20211F1400C7D407 /* NSFont.h */ = {isa = PBXFileReference; lastKnownFileType = sourcecode.c.h; path = NSFont.h; sourceTree = "<group>"; };
		28A3B9ED2032CCE20091A44E /* NSEvent.cpp */ = {isa = PBXFileReference; lastKnownFileType = sourcecode.cpp.cpp; path = NSEvent.cpp; sourceTree = "<group>"; };
		28A3B9EE2032CCE20091A44E /* NSEvent.h */ = {isa = PBXFileReference; lastKnownFileType = sourcecode.c.h; path = NSEvent.h; sourceTree = "<group>"; };
		28A3B9F02032CD0D0091A44E /* NSTimer.cpp */ = {isa = PBXFileReference; lastKnownFileType = sourcecode.cpp.cpp; path = NSTimer.cpp; sourceTree = "<group>"; };
		28A3B9F12032CD0D0091A44E /* NSTimer.h */ = {isa = PBXFileReference; lastKnownFileType = sourcecode.c.h; path = NSTimer.h; sourceTree = "<group>"; };
		28A3B9F32032CD340091A44E /* NSRunLoop.cpp */ = {isa = PBXFileReference; lastKnownFileType = sourcecode.cpp.cpp; path = NSRunLoop.cpp; sourceTree = "<group>"; };
		28A3B9F42032CD340091A44E /* NSRunLoop.h */ = {isa = PBXFileReference; lastKnownFileType = sourcecode.c.h; path = NSRunLoop.h; sourceTree = "<group>"; };
		28A3B9F62032CD6D0091A44E /* NSThread.cpp */ = {isa = PBXFileReference; lastKnownFileType = sourcecode.cpp.cpp; path = NSThread.cpp; sourceTree = "<group>"; };
		28A3B9F72032CD6D0091A44E /* NSThread.h */ = {isa = PBXFileReference; lastKnownFileType = sourcecode.c.h; path = NSThread.h; sourceTree = "<group>"; };
		28A3B9F92032CD930091A44E /* NSHandler.cpp */ = {isa = PBXFileReference; lastKnownFileType = sourcecode.cpp.cpp; path = NSHandler.cpp; sourceTree = "<group>"; };
		28A3B9FA2032CD930091A44E /* NSHandler.h */ = {isa = PBXFileReference; lastKnownFileType = sourcecode.c.h; path = NSHandler.h; sourceTree = "<group>"; };
		28A3B9FC2032CFC10091A44E /* NSLock.cpp */ = {isa = PBXFileReference; lastKnownFileType = sourcecode.cpp.cpp; path = NSLock.cpp; sourceTree = "<group>"; };
		28A3B9FD2032CFC10091A44E /* NSLock.h */ = {isa = PBXFileReference; lastKnownFileType = sourcecode.c.h; path = NSLock.h; sourceTree = "<group>"; };
		28A3B9FF2033DE7C0091A44E /* NSApplication.cpp */ = {isa = PBXFileReference; lastKnownFileType = sourcecode.cpp.cpp; path = NSApplication.cpp; sourceTree = "<group>"; };
		28A3BA002033DE7C0091A44E /* NSApplication.h */ = {isa = PBXFileReference; lastKnownFileType = sourcecode.c.h; path = NSApplication.h; sourceTree = "<group>"; };
		28A3BA022033EA9F0091A44E /* NeilOS.h */ = {isa = PBXFileReference; lastKnownFileType = sourcecode.c.h; path = NeilOS.h; sourceTree = "<group>"; };
/* End PBXFileReference section */

/* Begin PBXFrameworksBuildPhase section */
		280126202007260B00647962 /* Frameworks */ = {
			isa = PBXFrameworksBuildPhase;
			buildActionMask = 2147483647;
			files = (
			);
			runOnlyForDeploymentPostprocessing = 0;
		};
/* End PBXFrameworksBuildPhase section */

/* Begin PBXGroup section */
		2801260E2007205800647962 = {
			isa = PBXGroup;
			children = (
				2801261E200720E400647962 /* Makefile */,
				28A3BA022033EA9F0091A44E /* NeilOS.h */,
				2801261A2007209500647962 /* Core */,
				2801261B2007209A00647962 /* GUI */,
				280126252007260B00647962 /* product */,
				280126242007260B00647962 /* Products */,
			);
			sourceTree = "<group>";
		};
		2801261A2007209500647962 /* Core */ = {
			isa = PBXGroup;
			children = (
				28A3B9FF2033DE7C0091A44E /* NSApplication.cpp */,
				28A3BA002033DE7C0091A44E /* NSApplication.h */,
				281CEB23201FF7FA00C7D407 /* NSColor.cpp */,
				281CEB24201FF7FA00C7D407 /* NSColor.h */,
				28A3B9ED2032CCE20091A44E /* NSEvent.cpp */,
				28A3B9EE2032CCE20091A44E /* NSEvent.h */,
				281CEB2920211F1400C7D407 /* NSFont.cpp */,
				281CEB2A20211F1400C7D407 /* NSFont.h */,
				28A3B9F92032CD930091A44E /* NSHandler.cpp */,
				28A3B9FA2032CD930091A44E /* NSHandler.h */,
				281CEB1D201FEF3200C7D407 /* NSImage.cpp */,
				281CEB1E201FEF3200C7D407 /* NSImage.h */,
				28A3B9FC2032CFC10091A44E /* NSLock.cpp */,
				28A3B9FD2032CFC10091A44E /* NSLock.h */,
				281CEB1A201FB63D00C7D407 /* NSLog.cpp */,
				281CEB1B201FB63D00C7D407 /* NSLog.h */,
				28A3B9F32032CD340091A44E /* NSRunLoop.cpp */,
				28A3B9F42032CD340091A44E /* NSRunLoop.h */,
				2801261C200720B200647962 /* NSSound.cpp */,
				2801261D200720B200647962 /* NSSound.h */,
				28A3B9F62032CD6D0091A44E /* NSThread.cpp */,
				28A3B9F72032CD6D0091A44E /* NSThread.h */,
				28A3B9F02032CD0D0091A44E /* NSTimer.cpp */,
				28A3B9F12032CD0D0091A44E /* NSTimer.h */,
				281CEB20201FF04800C7D407 /* NSTypes.h */,
				281CEB21201FF09D00C7D407 /* NSTypes.cpp */,
			);
			path = Core;
			sourceTree = "<group>";
		};
		2801261B2007209A00647962 /* GUI */ = {
			isa = PBXGroup;
			children = (
			);
			path = GUI;
			sourceTree = "<group>";
		};
		280126242007260B00647962 /* Products */ = {
			isa = PBXGroup;
			children = (
				280126232007260B00647962 /* product */,
			);
			name = Products;
			sourceTree = "<group>";
		};
		280126252007260B00647962 /* product */ = {
			isa = PBXGroup;
			children = (
				280126262007260B00647962 /* main.cpp */,
			);
			path = product;
			sourceTree = "<group>";
		};
/* End PBXGroup section */

/* Begin PBXLegacyTarget section */
		280126132007205800647962 /* NeilOS */ = {
			isa = PBXLegacyTarget;
			buildArgumentsString = "$(ACTION)";
			buildConfigurationList = 280126162007205800647962 /* Build configuration list for PBXLegacyTarget "NeilOS" */;
			buildPhases = (
			);
			buildToolPath = /usr/bin/make;
			dependencies = (
			);
			name = NeilOS;
			passBuildSettingsInEnvironment = 1;
			productName = NeilOS;
		};
/* End PBXLegacyTarget section */

/* Begin PBXNativeTarget section */
		280126222007260B00647962 /* product */ = {
			isa = PBXNativeTarget;
			buildConfigurationList = 280126282007260B00647962 /* Build configuration list for PBXNativeTarget "product" */;
			buildPhases = (
				2801261F2007260B00647962 /* Sources */,
				280126202007260B00647962 /* Frameworks */,
				280126212007260B00647962 /* CopyFiles */,
			);
			buildRules = (
			);
			dependencies = (
			);
			name = product;
			productName = product;
			productReference = 280126232007260B00647962 /* product */;
			productType = "com.apple.product-type.tool";
		};
/* End PBXNativeTarget section */

/* Begin PBXProject section */
		2801260F2007205800647962 /* Project object */ = {
			isa = PBXProject;
			attributes = {
				LastUpgradeCheck = 0910;
				ORGANIZATIONNAME = "Neil Singh";
				TargetAttributes = {
					280126132007205800647962 = {
						CreatedOnToolsVersion = 9.1;
						ProvisioningStyle = Automatic;
					};
					280126222007260B00647962 = {
						CreatedOnToolsVersion = 9.1;
						ProvisioningStyle = Automatic;
					};
				};
			};
			buildConfigurationList = 280126122007205800647962 /* Build configuration list for PBXProject "NeilOS" */;
			compatibilityVersion = "Xcode 8.0";
			developmentRegion = en;
			hasScannedForEncodings = 0;
			knownRegions = (
				en,
			);
			mainGroup = 2801260E2007205800647962;
			productRefGroup = 280126242007260B00647962 /* Products */;
			projectDirPath = "";
			projectRoot = "";
			targets = (
				280126132007205800647962 /* NeilOS */,
				280126222007260B00647962 /* product */,
			);
		};
/* End PBXProject section */

/* Begin PBXSourcesBuildPhase section */
		2801261F2007260B00647962 /* Sources */ = {
			isa = PBXSourcesBuildPhase;
			buildActionMask = 2147483647;
			files = (
				281CEB22201FF09D00C7D407 /* NSTypes.cpp in Sources */,
				28A3BA012033DE7C0091A44E /* NSApplication.cpp in Sources */,
				28A3B9FB2032CD930091A44E /* NSHandler.cpp in Sources */,
				28A3B9F82032CD6D0091A44E /* NSThread.cpp in Sources */,
				281CEB1F201FEF3200C7D407 /* NSImage.cpp in Sources */,
				28A3B9F22032CD0D0091A44E /* NSTimer.cpp in Sources */,
				28A3B9FE2032CFC10091A44E /* NSLock.cpp in Sources */,
				281CEB25201FF7FA00C7D407 /* NSColor.cpp in Sources */,
				281CEB2B20211F1400C7D407 /* NSFont.cpp in Sources */,
				2801262B2007261500647962 /* NSSound.cpp in Sources */,
				280126272007260B00647962 /* main.cpp in Sources */,
				281CEB1C201FB63D00C7D407 /* NSLog.cpp in Sources */,
				28A3B9F52032CD340091A44E /* NSRunLoop.cpp in Sources */,
				28A3B9EF2032CCE20091A44E /* NSEvent.cpp in Sources */,
			);
			runOnlyForDeploymentPostprocessing = 0;
		};
/* End PBXSourcesBuildPhase section */

/* Begin XCBuildConfiguration section */
		280126142007205800647962 /* Debug */ = {
			isa = XCBuildConfiguration;
			buildSettings = {
				ALWAYS_SEARCH_USER_PATHS = NO;
				CLANG_ANALYZER_NONNULL = YES;
				CLANG_ANALYZER_NUMBER_OBJECT_CONVERSION = YES_AGGRESSIVE;
				CLANG_CXX_LANGUAGE_STANDARD = "gnu++14";
				CLANG_CXX_LIBRARY = "libc++";
				CLANG_ENABLE_MODULES = YES;
				CLANG_ENABLE_OBJC_ARC = YES;
				CLANG_WARN_BLOCK_CAPTURE_AUTORELEASING = YES;
				CLANG_WARN_BOOL_CONVERSION = YES;
				CLANG_WARN_COMMA = YES;
				CLANG_WARN_CONSTANT_CONVERSION = YES;
				CLANG_WARN_DIRECT_OBJC_ISA_USAGE = YES_ERROR;
				CLANG_WARN_DOCUMENTATION_COMMENTS = YES;
				CLANG_WARN_EMPTY_BODY = YES;
				CLANG_WARN_ENUM_CONVERSION = YES;
				CLANG_WARN_INFINITE_RECURSION = YES;
				CLANG_WARN_INT_CONVERSION = YES;
				CLANG_WARN_NON_LITERAL_NULL_CONVERSION = YES;
				CLANG_WARN_OBJC_LITERAL_CONVERSION = YES;
				CLANG_WARN_OBJC_ROOT_CLASS = YES_ERROR;
				CLANG_WARN_RANGE_LOOP_ANALYSIS = YES;
				CLANG_WARN_STRICT_PROTOTYPES = YES;
				CLANG_WARN_SUSPICIOUS_MOVE = YES;
				CLANG_WARN_UNGUARDED_AVAILABILITY = YES_AGGRESSIVE;
				CLANG_WARN_UNREACHABLE_CODE = YES;
				CLANG_WARN__DUPLICATE_METHOD_MATCH = YES;
				COPY_PHASE_STRIP = NO;
				DEBUG_INFORMATION_FORMAT = dwarf;
				ENABLE_STRICT_OBJC_MSGSEND = YES;
				ENABLE_TESTABILITY = YES;
				GCC_C_LANGUAGE_STANDARD = gnu11;
				GCC_DYNAMIC_NO_PIC = NO;
				GCC_NO_COMMON_BLOCKS = YES;
				GCC_OPTIMIZATION_LEVEL = 0;
				GCC_PREPROCESSOR_DEFINITIONS = (
					"DEBUG=1",
					"$(inherited)",
				);
				GCC_WARN_64_TO_32_BIT_CONVERSION = YES;
				GCC_WARN_ABOUT_RETURN_TYPE = YES_ERROR;
				GCC_WARN_UNDECLARED_SELECTOR = YES;
				GCC_WARN_UNINITIALIZED_AUTOS = YES_AGGRESSIVE;
				GCC_WARN_UNUSED_FUNCTION = YES;
				GCC_WARN_UNUSED_VARIABLE = YES;
				HEADER_SEARCH_PATHS = /Users/Neil/NeilOS/sysroot/usr/include/;
				MTL_ENABLE_DEBUG_INFO = YES;
				ONLY_ACTIVE_ARCH = YES;
			};
			name = Debug;
		};
		280126152007205800647962 /* Release */ = {
			isa = XCBuildConfiguration;
			buildSettings = {
				ALWAYS_SEARCH_USER_PATHS = NO;
				CLANG_ANALYZER_NONNULL = YES;
				CLANG_ANALYZER_NUMBER_OBJECT_CONVERSION = YES_AGGRESSIVE;
				CLANG_CXX_LANGUAGE_STANDARD = "gnu++14";
				CLANG_CXX_LIBRARY = "libc++";
				CLANG_ENABLE_MODULES = YES;
				CLANG_ENABLE_OBJC_ARC = YES;
				CLANG_WARN_BLOCK_CAPTURE_AUTORELEASING = YES;
				CLANG_WARN_BOOL_CONVERSION = YES;
				CLANG_WARN_COMMA = YES;
				CLANG_WARN_CONSTANT_CONVERSION = YES;
				CLANG_WARN_DIRECT_OBJC_ISA_USAGE = YES_ERROR;
				CLANG_WARN_DOCUMENTATION_COMMENTS = YES;
				CLANG_WARN_EMPTY_BODY = YES;
				CLANG_WARN_ENUM_CONVERSION = YES;
				CLANG_WARN_INFINITE_RECURSION = YES;
				CLANG_WARN_INT_CONVERSION = YES;
				CLANG_WARN_NON_LITERAL_NULL_CONVERSION = YES;
				CLANG_WARN_OBJC_LITERAL_CONVERSION = YES;
				CLANG_WARN_OBJC_ROOT_CLASS = YES_ERROR;
				CLANG_WARN_RANGE_LOOP_ANALYSIS = YES;
				CLANG_WARN_STRICT_PROTOTYPES = YES;
				CLANG_WARN_SUSPICIOUS_MOVE = YES;
				CLANG_WARN_UNGUARDED_AVAILABILITY = YES_AGGRESSIVE;
				CLANG_WARN_UNREACHABLE_CODE = YES;
				CLANG_WARN__DUPLICATE_METHOD_MATCH = YES;
				COPY_PHASE_STRIP = NO;
				DEBUG_INFORMATION_FORMAT = "dwarf-with-dsym";
				ENABLE_NS_ASSERTIONS = NO;
				ENABLE_STRICT_OBJC_MSGSEND = YES;
				GCC_C_LANGUAGE_STANDARD = gnu11;
				GCC_NO_COMMON_BLOCKS = YES;
				GCC_WARN_64_TO_32_BIT_CONVERSION = YES;
				GCC_WARN_ABOUT_RETURN_TYPE = YES_ERROR;
				GCC_WARN_UNDECLARED_SELECTOR = YES;
				GCC_WARN_UNINITIALIZED_AUTOS = YES_AGGRESSIVE;
				GCC_WARN_UNUSED_FUNCTION = YES;
				GCC_WARN_UNUSED_VARIABLE = YES;
				HEADER_SEARCH_PATHS = /Users/Neil/NeilOS/sysroot/usr/include/;
				MTL_ENABLE_DEBUG_INFO = NO;
			};
			name = Release;
		};
		280126172007205800647962 /* Debug */ = {
			isa = XCBuildConfiguration;
			buildSettings = {
				CODE_SIGN_STYLE = Automatic;
				DEBUGGING_SYMBOLS = YES;
				DEBUG_INFORMATION_FORMAT = dwarf;
				DEVELOPMENT_TEAM = K3L3Y6WG7K;
				GCC_GENERATE_DEBUGGING_SYMBOLS = YES;
				GCC_OPTIMIZATION_LEVEL = 0;
				OTHER_CFLAGS = "";
				OTHER_LDFLAGS = "";
				PRODUCT_NAME = "$(TARGET_NAME)";
			};
			name = Debug;
		};
		280126182007205800647962 /* Release */ = {
			isa = XCBuildConfiguration;
			buildSettings = {
				CODE_SIGN_STYLE = Automatic;
				DEBUG_INFORMATION_FORMAT = "dwarf-with-dsym";
				DEVELOPMENT_TEAM = K3L3Y6WG7K;
				OTHER_CFLAGS = "";
				OTHER_LDFLAGS = "";
				PRODUCT_NAME = "$(TARGET_NAME)";
			};
			name = Release;
		};
		280126292007260B00647962 /* Debug */ = {
			isa = XCBuildConfiguration;
			buildSettings = {
				CODE_SIGN_IDENTITY = "Mac Developer";
				CODE_SIGN_STYLE = Automatic;
				DEVELOPMENT_TEAM = K3L3Y6WG7K;
				MACOSX_DEPLOYMENT_TARGET = 10.13;
				PRODUCT_NAME = "$(TARGET_NAME)";
				SDKROOT = macosx;
			};
			name = Debug;
		};
		2801262A2007260B00647962 /* Release */ = {
			isa = XCBuildConfiguration;
			buildSettings = {
				CODE_SIGN_IDENTITY = "Mac Developer";
				CODE_SIGN_STYLE = Automatic;
				DEVELOPMENT_TEAM = K3L3Y6WG7K;
				MACOSX_DEPLOYMENT_TARGET = 10.13;
				PRODUCT_NAME = "$(TARGET_NAME)";
				SDKROOT = macosx;
			};
			name = Release;
		};
/* End XCBuildConfiguration section */

/* Begin XCConfigurationList section */
		280126122007205800647962 /* Build configuration list for PBXProject "NeilOS" */ = {
			isa = XCConfigurationList;
			buildConfigurations = (
				280126142007205800647962 /* Debug */,
				280126152007205800647962 /* Release */,
			);
			defaultConfigurationIsVisible = 0;
			defaultConfigurationName = Release;
		};
		280126162007205800647962 /* Build configuration list for PBXLegacyTarget "NeilOS" */ = {
			isa = XCConfigurationList;
			buildConfigurations = (
				280126172007205800647962 /* Debug */,
				280126182007205800647962 /* Release */,
			);
			defaultConfigurationIsVisible = 0;
			defaultConfigurationName = Release;
		};
		280126282007260B00647962 /* Build configuration list for PBXNativeTarget "product" */ = {
			isa = XCConfigurationList;
			buildConfigurations = (
				280126292007260B00647962 /* Debug */,
				2801262A2007260B00647962 /* Release */,
			);
			defaultConfigurationIsVisible = 0;
			defaultConfigurationName = Release;
		};
/* End XCConfigurationList section */
	};
	rootObject = 2801260F2007205800647962 /* Project object */;
}
