// !$*UTF8*$!
{
	archiveVersion = 1;
	classes = {
	};
	objectVersion = 48;
	objects = {

/* Begin PBXBuildFile section */
		280126272007260B00647962 /* main.cpp in Sources */ = {isa = PBXBuildFile; fileRef = 280126262007260B00647962 /* main.cpp */; };
		2801262B2007261500647962 /* NSSound.cpp in Sources */ = {isa = PBXBuildFile; fileRef = 2801261C200720B200647962 /* NSSound.cpp */; };
		281246B220BF3D4C00546A96 /* NSEventApplicationMenuEvent.cpp in Sources */ = {isa = PBXBuildFile; fileRef = 281246B120BF3D4C00546A96 /* NSEventApplicationMenuEvent.cpp */; };
		281246B420BF912600546A96 /* NSEventResource.cpp in Sources */ = {isa = PBXBuildFile; fileRef = 281246B320BF912600546A96 /* NSEventResource.cpp */; };
		281246B820BFAB0400546A96 /* NSControl.cpp in Sources */ = {isa = PBXBuildFile; fileRef = 281246B620BFAB0400546A96 /* NSControl.cpp */; };
		281246BB20BFB55E00546A96 /* NSLabel.cpp in Sources */ = {isa = PBXBuildFile; fileRef = 281246B920BFB55E00546A96 /* NSLabel.cpp */; };
		281246BE20C2161E00546A96 /* NSImageView.cpp in Sources */ = {isa = PBXBuildFile; fileRef = 281246BC20C2161E00546A96 /* NSImageView.cpp */; };
		281246C120C5142400546A96 /* NSButton.cpp in Sources */ = {isa = PBXBuildFile; fileRef = 281246BF20C5142400546A96 /* NSButton.cpp */; };
		281246D520C8735900546A96 /* NSAnimation.cpp in Sources */ = {isa = PBXBuildFile; fileRef = 281246D320C8735900546A96 /* NSAnimation.cpp */; };
		281246D820C9F96600546A96 /* NSCursor.cpp in Sources */ = {isa = PBXBuildFile; fileRef = 281246D620C9F96600546A96 /* NSCursor.cpp */; };
		281246DA20C9FA5B00546A96 /* NSEventApplicationSetCursor.cpp in Sources */ = {isa = PBXBuildFile; fileRef = 281246D920C9FA5B00546A96 /* NSEventApplicationSetCursor.cpp */; };
		2812470420CB0CA900546A96 /* NSScrollView.cpp in Sources */ = {isa = PBXBuildFile; fileRef = 2812470220CB0CA900546A96 /* NSScrollView.cpp */; };
		2812479220CF78A100546A96 /* NSBox.cpp in Sources */ = {isa = PBXBuildFile; fileRef = 2812479020CF78A100546A96 /* NSBox.cpp */; };
		2812479520D08FD800546A96 /* NSCheckBox.cpp in Sources */ = {isa = PBXBuildFile; fileRef = 2812479320D08FD800546A96 /* NSCheckBox.cpp */; };
		2812479920D0B36800546A96 /* NSRadioButton.cpp in Sources */ = {isa = PBXBuildFile; fileRef = 2812479720D0B36800546A96 /* NSRadioButton.cpp */; };
		2812479C20D0CEC200546A96 /* NSProgressBar.cpp in Sources */ = {isa = PBXBuildFile; fileRef = 2812479A20D0CEC200546A96 /* NSProgressBar.cpp */; };
		281CEB1C201FB63D00C7D407 /* NSLog.cpp in Sources */ = {isa = PBXBuildFile; fileRef = 281CEB1A201FB63D00C7D407 /* NSLog.cpp */; };
		281CEB1F201FEF3200C7D407 /* NSImage.cpp in Sources */ = {isa = PBXBuildFile; fileRef = 281CEB1D201FEF3200C7D407 /* NSImage.cpp */; };
		281CEB22201FF09D00C7D407 /* NSTypes.cpp in Sources */ = {isa = PBXBuildFile; fileRef = 281CEB21201FF09D00C7D407 /* NSTypes.cpp */; };
		281CEB25201FF7FA00C7D407 /* NSColor.cpp in Sources */ = {isa = PBXBuildFile; fileRef = 281CEB23201FF7FA00C7D407 /* NSColor.cpp */; };
		281CEB2B20211F1400C7D407 /* NSFont.cpp in Sources */ = {isa = PBXBuildFile; fileRef = 281CEB2920211F1400C7D407 /* NSFont.cpp */; };
		287D0A7020BE298200A7E675 /* NSEventInit.cpp in Sources */ = {isa = PBXBuildFile; fileRef = 287D0A5F20BE297B00A7E675 /* NSEventInit.cpp */; };
		287D0A7120BE298400A7E675 /* NSEventInitResp.cpp in Sources */ = {isa = PBXBuildFile; fileRef = 287D0A6020BE297B00A7E675 /* NSEventInitResp.cpp */; };
		287D0A7220BE298600A7E675 /* NSEventSettingsPixelScalingFactor.cpp in Sources */ = {isa = PBXBuildFile; fileRef = 287D0A6220BE297B00A7E675 /* NSEventSettingsPixelScalingFactor.cpp */; };
		287D0A7320BE298900A7E675 /* NSEventWindowCreate.cpp in Sources */ = {isa = PBXBuildFile; fileRef = 287D0A6420BE297B00A7E675 /* NSEventWindowCreate.cpp */; };
		287D0A7420BE298C00A7E675 /* NSEventWindowMakeKey.cpp in Sources */ = {isa = PBXBuildFile; fileRef = 287D0A6520BE297B00A7E675 /* NSEventWindowMakeKey.cpp */; };
		287D0A7520BE298E00A7E675 /* NSEventWindowDestroy.cpp in Sources */ = {isa = PBXBuildFile; fileRef = 287D0A6620BE297B00A7E675 /* NSEventWindowDestroy.cpp */; };
		287D0A7620BE299000A7E675 /* NSEventWindowSetTitle.cpp in Sources */ = {isa = PBXBuildFile; fileRef = 287D0A6720BE297B00A7E675 /* NSEventWindowSetTitle.cpp */; };
		287D0A7720BE299300A7E675 /* NSEventWindowDraw.cpp in Sources */ = {isa = PBXBuildFile; fileRef = 287D0A6820BE297B00A7E675 /* NSEventWindowDraw.cpp */; };
		287D0A7820BE299500A7E675 /* NSEventWindowShow.cpp in Sources */ = {isa = PBXBuildFile; fileRef = 287D0A6920BE297B00A7E675 /* NSEventWindowShow.cpp */; };
		287D0A7920BE299700A7E675 /* NSEventWindowSetFrame.cpp in Sources */ = {isa = PBXBuildFile; fileRef = 287D0A6A20BE297B00A7E675 /* NSEventWindowSetFrame.cpp */; };
		287D0A7A20BE29AD00A7E675 /* NSEventApplicationQuit.cpp in Sources */ = {isa = PBXBuildFile; fileRef = 287D0A6D20BE297B00A7E675 /* NSEventApplicationQuit.cpp */; };
		287D0A7B20BE29AF00A7E675 /* NSEventApplicationOpenFile.cpp in Sources */ = {isa = PBXBuildFile; fileRef = 287D0A6E20BE297B00A7E675 /* NSEventApplicationOpenFile.cpp */; };
		287D0A7C20BE29B100A7E675 /* NSEventApplicationFocus.cpp in Sources */ = {isa = PBXBuildFile; fileRef = 287D0A6F20BE297B00A7E675 /* NSEventApplicationFocus.cpp */; };
		287D0A7D20BE29B300A7E675 /* NSEventDefs.cpp in Sources */ = {isa = PBXBuildFile; fileRef = 287D0A6B20BE297B00A7E675 /* NSEventDefs.cpp */; };
		287D0AA020BE2FEF00A7E675 /* NSEventApplicationSetMenu.cpp in Sources */ = {isa = PBXBuildFile; fileRef = 287D0A9F20BE2FEF00A7E675 /* NSEventApplicationSetMenu.cpp */; };
		28A3B9EF2032CCE20091A44E /* NSEvent.cpp in Sources */ = {isa = PBXBuildFile; fileRef = 28A3B9ED2032CCE20091A44E /* NSEvent.cpp */; };
		28A3B9F22032CD0D0091A44E /* NSTimer.cpp in Sources */ = {isa = PBXBuildFile; fileRef = 28A3B9F02032CD0D0091A44E /* NSTimer.cpp */; };
		28A3B9F52032CD340091A44E /* NSRunLoop.cpp in Sources */ = {isa = PBXBuildFile; fileRef = 28A3B9F32032CD340091A44E /* NSRunLoop.cpp */; };
		28A3B9F82032CD6D0091A44E /* NSThread.cpp in Sources */ = {isa = PBXBuildFile; fileRef = 28A3B9F62032CD6D0091A44E /* NSThread.cpp */; };
		28A3B9FB2032CD930091A44E /* NSHandler.cpp in Sources */ = {isa = PBXBuildFile; fileRef = 28A3B9F92032CD930091A44E /* NSHandler.cpp */; };
		28A3B9FE2032CFC10091A44E /* NSLock.cpp in Sources */ = {isa = PBXBuildFile; fileRef = 28A3B9FC2032CFC10091A44E /* NSLock.cpp */; };
		28A3BA012033DE7C0091A44E /* NSApplication.cpp in Sources */ = {isa = PBXBuildFile; fileRef = 28A3B9FF2033DE7C0091A44E /* NSApplication.cpp */; };
		28A3BA25203AA65F0091A44E /* NSView.cpp in Sources */ = {isa = PBXBuildFile; fileRef = 28A3BA23203AA65F0091A44E /* NSView.cpp */; };
		28A3BA28203AA6810091A44E /* NSWindow.cpp in Sources */ = {isa = PBXBuildFile; fileRef = 28A3BA26203AA6810091A44E /* NSWindow.cpp */; };
		28A3BA2B203AA73C0091A44E /* NSResponder.cpp in Sources */ = {isa = PBXBuildFile; fileRef = 28A3BA29203AA73C0091A44E /* NSResponder.cpp */; };
		28F178D020B37F5000DBF40F /* NSMenu.cpp in Sources */ = {isa = PBXBuildFile; fileRef = 28F178CE20B37F5000DBF40F /* NSMenu.cpp */; };
		28F178D320B61D0900DBF40F /* NSMenuItem.cpp in Sources */ = {isa = PBXBuildFile; fileRef = 28F178D120B61D0900DBF40F /* NSMenuItem.cpp */; };
/* End PBXBuildFile section */

/* Begin PBXCopyFilesBuildPhase section */
		280126212007260B00647962 /* CopyFiles */ = {
			isa = PBXCopyFilesBuildPhase;
			buildActionMask = 2147483647;
			dstPath = /usr/share/man/man1/;
			dstSubfolderSpec = 0;
			files = (
			);
			runOnlyForDeploymentPostprocessing = 1;
		};
/* End PBXCopyFilesBuildPhase section */

/* Begin PBXFileReference section */
		2801261C200720B200647962 /* NSSound.cpp */ = {isa = PBXFileReference; lastKnownFileType = sourcecode.cpp.cpp; path = NSSound.cpp; sourceTree = "<group>"; };
		2801261D200720B200647962 /* NSSound.h */ = {isa = PBXFileReference; lastKnownFileType = sourcecode.c.h; path = NSSound.h; sourceTree = "<group>"; };
		2801261E200720E400647962 /* Makefile */ = {isa = PBXFileReference; lastKnownFileType = sourcecode.make; path = Makefile; sourceTree = "<group>"; };
		280126232007260B00647962 /* product */ = {isa = PBXFileReference; explicitFileType = "compiled.mach-o.executable"; includeInIndex = 0; path = product; sourceTree = BUILT_PRODUCTS_DIR; };
		280126262007260B00647962 /* main.cpp */ = {isa = PBXFileReference; lastKnownFileType = sourcecode.cpp.cpp; path = main.cpp; sourceTree = "<group>"; };
		281246B120BF3D4C00546A96 /* NSEventApplicationMenuEvent.cpp */ = {isa = PBXFileReference; lastKnownFileType = sourcecode.cpp.cpp; path = NSEventApplicationMenuEvent.cpp; sourceTree = "<group>"; };
		281246B320BF912600546A96 /* NSEventResource.cpp */ = {isa = PBXFileReference; lastKnownFileType = sourcecode.cpp.cpp; path = NSEventResource.cpp; sourceTree = "<group>"; };
		281246B520BF956900546A96 /* NSEventResource.hpp */ = {isa = PBXFileReference; lastKnownFileType = sourcecode.cpp.h; path = NSEventResource.hpp; sourceTree = "<group>"; };
		281246B620BFAB0400546A96 /* NSControl.cpp */ = {isa = PBXFileReference; lastKnownFileType = sourcecode.cpp.cpp; path = NSControl.cpp; sourceTree = "<group>"; };
		281246B720BFAB0400546A96 /* NSControl.h */ = {isa = PBXFileReference; lastKnownFileType = sourcecode.c.h; path = NSControl.h; sourceTree = "<group>"; };
		281246B920BFB55E00546A96 /* NSLabel.cpp */ = {isa = PBXFileReference; lastKnownFileType = sourcecode.cpp.cpp; path = NSLabel.cpp; sourceTree = "<group>"; };
		281246BA20BFB55E00546A96 /* NSLabel.h */ = {isa = PBXFileReference; lastKnownFileType = sourcecode.c.h; path = NSLabel.h; sourceTree = "<group>"; };
		281246BC20C2161E00546A96 /* NSImageView.cpp */ = {isa = PBXFileReference; lastKnownFileType = sourcecode.cpp.cpp; path = NSImageView.cpp; sourceTree = "<group>"; };
		281246BD20C2161E00546A96 /* NSImageView.h */ = {isa = PBXFileReference; lastKnownFileType = sourcecode.c.h; path = NSImageView.h; sourceTree = "<group>"; };
		281246BF20C5142400546A96 /* NSButton.cpp */ = {isa = PBXFileReference; lastKnownFileType = sourcecode.cpp.cpp; path = NSButton.cpp; sourceTree = "<group>"; };
		281246C020C5142400546A96 /* NSButton.h */ = {isa = PBXFileReference; lastKnownFileType = sourcecode.c.h; path = NSButton.h; sourceTree = "<group>"; };
		281246D320C8735900546A96 /* NSAnimation.cpp */ = {isa = PBXFileReference; lastKnownFileType = sourcecode.cpp.cpp; path = NSAnimation.cpp; sourceTree = "<group>"; };
		281246D420C8735900546A96 /* NSAnimation.h */ = {isa = PBXFileReference; lastKnownFileType = sourcecode.c.h; path = NSAnimation.h; sourceTree = "<group>"; };
		281246D620C9F96600546A96 /* NSCursor.cpp */ = {isa = PBXFileReference; lastKnownFileType = sourcecode.cpp.cpp; path = NSCursor.cpp; sourceTree = "<group>"; };
		281246D720C9F96600546A96 /* NSCursor.h */ = {isa = PBXFileReference; lastKnownFileType = sourcecode.c.h; path = NSCursor.h; sourceTree = "<group>"; };
		281246D920C9FA5B00546A96 /* NSEventApplicationSetCursor.cpp */ = {isa = PBXFileReference; lastKnownFileType = sourcecode.cpp.cpp; path = NSEventApplicationSetCursor.cpp; sourceTree = "<group>"; };
		2812470220CB0CA900546A96 /* NSScrollView.cpp */ = {isa = PBXFileReference; lastKnownFileType = sourcecode.cpp.cpp; path = NSScrollView.cpp; sourceTree = "<group>"; };
		2812470320CB0CA900546A96 /* NSScrollView.h */ = {isa = PBXFileReference; lastKnownFileType = sourcecode.c.h; path = NSScrollView.h; sourceTree = "<group>"; };
		2812479020CF78A100546A96 /* NSBox.cpp */ = {isa = PBXFileReference; lastKnownFileType = sourcecode.cpp.cpp; path = NSBox.cpp; sourceTree = "<group>"; };
		2812479120CF78A100546A96 /* NSBox.h */ = {isa = PBXFileReference; lastKnownFileType = sourcecode.c.h; path = NSBox.h; sourceTree = "<group>"; };
		2812479320D08FD800546A96 /* NSCheckBox.cpp */ = {isa = PBXFileReference; lastKnownFileType = sourcecode.cpp.cpp; path = NSCheckBox.cpp; sourceTree = "<group>"; };
		2812479420D08FD800546A96 /* NSCheckBox.h */ = {isa = PBXFileReference; lastKnownFileType = sourcecode.c.h; path = NSCheckBox.h; sourceTree = "<group>"; };
		2812479720D0B36800546A96 /* NSRadioButton.cpp */ = {isa = PBXFileReference; lastKnownFileType = sourcecode.cpp.cpp; path = NSRadioButton.cpp; sourceTree = "<group>"; };
		2812479820D0B36800546A96 /* NSRadioButton.h */ = {isa = PBXFileReference; lastKnownFileType = sourcecode.c.h; path = NSRadioButton.h; sourceTree = "<group>"; };
		2812479A20D0CEC200546A96 /* NSProgressBar.cpp */ = {isa = PBXFileReference; lastKnownFileType = sourcecode.cpp.cpp; path = NSProgressBar.cpp; sourceTree = "<group>"; };
		2812479B20D0CEC200546A96 /* NSProgressBar.h */ = {isa = PBXFileReference; lastKnownFileType = sourcecode.c.h; path = NSProgressBar.h; sourceTree = "<group>"; };
		281CEB1A201FB63D00C7D407 /* NSLog.cpp */ = {isa = PBXFileReference; lastKnownFileType = sourcecode.cpp.cpp; path = NSLog.cpp; sourceTree = "<group>"; };
		281CEB1B201FB63D00C7D407 /* NSLog.h */ = {isa = PBXFileReference; lastKnownFileType = sourcecode.c.h; path = NSLog.h; sourceTree = "<group>"; };
		281CEB1D201FEF3200C7D407 /* NSImage.cpp */ = {isa = PBXFileReference; lastKnownFileType = sourcecode.cpp.cpp; path = NSImage.cpp; sourceTree = "<group>"; };
		281CEB1E201FEF3200C7D407 /* NSImage.h */ = {isa = PBXFileReference; lastKnownFileType = sourcecode.c.h; path = NSImage.h; sourceTree = "<group>"; };
		281CEB20201FF04800C7D407 /* NSTypes.h */ = {isa = PBXFileReference; lastKnownFileType = sourcecode.c.h; path = NSTypes.h; sourceTree = "<group>"; };
		281CEB21201FF09D00C7D407 /* NSTypes.cpp */ = {isa = PBXFileReference; lastKnownFileType = sourcecode.cpp.cpp; path = NSTypes.cpp; sourceTree = "<group>"; };
		281CEB23201FF7FA00C7D407 /* NSColor.cpp */ = {isa = PBXFileReference; lastKnownFileType = sourcecode.cpp.cpp; path = NSColor.cpp; sourceTree = "<group>"; };
		281CEB24201FF7FA00C7D407 /* NSColor.h */ = {isa = PBXFileReference; lastKnownFileType = sourcecode.c.h; path = NSColor.h; sourceTree = "<group>"; };
		281CEB2920211F1400C7D407 /* NSFont.cpp */ = {isa = PBXFileReference; lastKnownFileType = sourcecode.cpp.cpp; path = NSFont.cpp; sourceTree = "<group>"; };
		281CEB2A20211F1400C7D407 /* NSFont.h */ = {isa = PBXFileReference; lastKnownFileType = sourcecode.c.h; path = NSFont.h; sourceTree = "<group>"; };
		287D0A5F20BE297B00A7E675 /* NSEventInit.cpp */ = {isa = PBXFileReference; lastKnownFileType = sourcecode.cpp.cpp; path = NSEventInit.cpp; sourceTree = "<group>"; };
		287D0A6020BE297B00A7E675 /* NSEventInitResp.cpp */ = {isa = PBXFileReference; lastKnownFileType = sourcecode.cpp.cpp; path = NSEventInitResp.cpp; sourceTree = "<group>"; };
		287D0A6220BE297B00A7E675 /* NSEventSettingsPixelScalingFactor.cpp */ = {isa = PBXFileReference; lastKnownFileType = sourcecode.cpp.cpp; path = NSEventSettingsPixelScalingFactor.cpp; sourceTree = "<group>"; };
		287D0A6420BE297B00A7E675 /* NSEventWindowCreate.cpp */ = {isa = PBXFileReference; lastKnownFileType = sourcecode.cpp.cpp; path = NSEventWindowCreate.cpp; sourceTree = "<group>"; };
		287D0A6520BE297B00A7E675 /* NSEventWindowMakeKey.cpp */ = {isa = PBXFileReference; lastKnownFileType = sourcecode.cpp.cpp; path = NSEventWindowMakeKey.cpp; sourceTree = "<group>"; };
		287D0A6620BE297B00A7E675 /* NSEventWindowDestroy.cpp */ = {isa = PBXFileReference; lastKnownFileType = sourcecode.cpp.cpp; path = NSEventWindowDestroy.cpp; sourceTree = "<group>"; };
		287D0A6720BE297B00A7E675 /* NSEventWindowSetTitle.cpp */ = {isa = PBXFileReference; lastKnownFileType = sourcecode.cpp.cpp; path = NSEventWindowSetTitle.cpp; sourceTree = "<group>"; };
		287D0A6820BE297B00A7E675 /* NSEventWindowDraw.cpp */ = {isa = PBXFileReference; lastKnownFileType = sourcecode.cpp.cpp; path = NSEventWindowDraw.cpp; sourceTree = "<group>"; };
		287D0A6920BE297B00A7E675 /* NSEventWindowShow.cpp */ = {isa = PBXFileReference; lastKnownFileType = sourcecode.cpp.cpp; path = NSEventWindowShow.cpp; sourceTree = "<group>"; };
		287D0A6A20BE297B00A7E675 /* NSEventWindowSetFrame.cpp */ = {isa = PBXFileReference; lastKnownFileType = sourcecode.cpp.cpp; path = NSEventWindowSetFrame.cpp; sourceTree = "<group>"; };
		287D0A6B20BE297B00A7E675 /* NSEventDefs.cpp */ = {isa = PBXFileReference; lastKnownFileType = sourcecode.cpp.cpp; path = NSEventDefs.cpp; sourceTree = "<group>"; };
		287D0A6D20BE297B00A7E675 /* NSEventApplicationQuit.cpp */ = {isa = PBXFileReference; lastKnownFileType = sourcecode.cpp.cpp; path = NSEventApplicationQuit.cpp; sourceTree = "<group>"; };
		287D0A6E20BE297B00A7E675 /* NSEventApplicationOpenFile.cpp */ = {isa = PBXFileReference; lastKnownFileType = sourcecode.cpp.cpp; path = NSEventApplicationOpenFile.cpp; sourceTree = "<group>"; };
		287D0A6F20BE297B00A7E675 /* NSEventApplicationFocus.cpp */ = {isa = PBXFileReference; lastKnownFileType = sourcecode.cpp.cpp; path = NSEventApplicationFocus.cpp; sourceTree = "<group>"; };
		287D0A9F20BE2FEF00A7E675 /* NSEventApplicationSetMenu.cpp */ = {isa = PBXFileReference; lastKnownFileType = sourcecode.cpp.cpp; path = NSEventApplicationSetMenu.cpp; sourceTree = "<group>"; };
		28A3B9ED2032CCE20091A44E /* NSEvent.cpp */ = {isa = PBXFileReference; lastKnownFileType = sourcecode.cpp.cpp; path = NSEvent.cpp; sourceTree = "<group>"; };
		28A3B9EE2032CCE20091A44E /* NSEvent.h */ = {isa = PBXFileReference; lastKnownFileType = sourcecode.c.h; path = NSEvent.h; sourceTree = "<group>"; };
		28A3B9F02032CD0D0091A44E /* NSTimer.cpp */ = {isa = PBXFileReference; lastKnownFileType = sourcecode.cpp.cpp; path = NSTimer.cpp; sourceTree = "<group>"; };
		28A3B9F12032CD0D0091A44E /* NSTimer.h */ = {isa = PBXFileReference; lastKnownFileType = sourcecode.c.h; path = NSTimer.h; sourceTree = "<group>"; };
		28A3B9F32032CD340091A44E /* NSRunLoop.cpp */ = {isa = PBXFileReference; lastKnownFileType = sourcecode.cpp.cpp; path = NSRunLoop.cpp; sourceTree = "<group>"; };
		28A3B9F42032CD340091A44E /* NSRunLoop.h */ = {isa = PBXFileReference; lastKnownFileType = sourcecode.c.h; path = NSRunLoop.h; sourceTree = "<group>"; };
		28A3B9F62032CD6D0091A44E /* NSThread.cpp */ = {isa = PBXFileReference; lastKnownFileType = sourcecode.cpp.cpp; path = NSThread.cpp; sourceTree = "<group>"; };
		28A3B9F72032CD6D0091A44E /* NSThread.h */ = {isa = PBXFileReference; lastKnownFileType = sourcecode.c.h; path = NSThread.h; sourceTree = "<group>"; };
		28A3B9F92032CD930091A44E /* NSHandler.cpp */ = {isa = PBXFileReference; lastKnownFileType = sourcecode.cpp.cpp; path = NSHandler.cpp; sourceTree = "<group>"; };
		28A3B9FA2032CD930091A44E /* NSHandler.h */ = {isa = PBXFileReference; lastKnownFileType = sourcecode.c.h; path = NSHandler.h; sourceTree = "<group>"; };
		28A3B9FC2032CFC10091A44E /* NSLock.cpp */ = {isa = PBXFileReference; lastKnownFileType = sourcecode.cpp.cpp; path = NSLock.cpp; sourceTree = "<group>"; };
		28A3B9FD2032CFC10091A44E /* NSLock.h */ = {isa = PBXFileReference; lastKnownFileType = sourcecode.c.h; path = NSLock.h; sourceTree = "<group>"; };
		28A3B9FF2033DE7C0091A44E /* NSApplication.cpp */ = {isa = PBXFileReference; lastKnownFileType = sourcecode.cpp.cpp; path = NSApplication.cpp; sourceTree = "<group>"; };
		28A3BA002033DE7C0091A44E /* NSApplication.h */ = {isa = PBXFileReference; lastKnownFileType = sourcecode.c.h; path = NSApplication.h; sourceTree = "<group>"; };
		28A3BA022033EA9F0091A44E /* NeilOS.h */ = {isa = PBXFileReference; lastKnownFileType = sourcecode.c.h; path = NeilOS.h; sourceTree = "<group>"; };
		28A3BA23203AA65F0091A44E /* NSView.cpp */ = {isa = PBXFileReference; lastKnownFileType = sourcecode.cpp.cpp; path = NSView.cpp; sourceTree = "<group>"; };
		28A3BA24203AA65F0091A44E /* NSView.h */ = {isa = PBXFileReference; lastKnownFileType = sourcecode.c.h; path = NSView.h; sourceTree = "<group>"; };
		28A3BA26203AA6810091A44E /* NSWindow.cpp */ = {isa = PBXFileReference; lastKnownFileType = sourcecode.cpp.cpp; path = NSWindow.cpp; sourceTree = "<group>"; };
		28A3BA27203AA6810091A44E /* NSWindow.h */ = {isa = PBXFileReference; lastKnownFileType = sourcecode.c.h; path = NSWindow.h; sourceTree = "<group>"; };
		28A3BA29203AA73C0091A44E /* NSResponder.cpp */ = {isa = PBXFileReference; lastKnownFileType = sourcecode.cpp.cpp; path = NSResponder.cpp; sourceTree = "<group>"; };
		28A3BA2A203AA73C0091A44E /* NSResponder.h */ = {isa = PBXFileReference; lastKnownFileType = sourcecode.c.h; path = NSResponder.h; sourceTree = "<group>"; };
		28F178CE20B37F5000DBF40F /* NSMenu.cpp */ = {isa = PBXFileReference; lastKnownFileType = sourcecode.cpp.cpp; path = NSMenu.cpp; sourceTree = "<group>"; };
		28F178CF20B37F5000DBF40F /* NSMenu.h */ = {isa = PBXFileReference; lastKnownFileType = sourcecode.c.h; path = NSMenu.h; sourceTree = "<group>"; };
		28F178D120B61D0900DBF40F /* NSMenuItem.cpp */ = {isa = PBXFileReference; lastKnownFileType = sourcecode.cpp.cpp; path = NSMenuItem.cpp; sourceTree = "<group>"; };
		28F178D220B61D0900DBF40F /* NSMenuItem.h */ = {isa = PBXFileReference; lastKnownFileType = sourcecode.c.h; path = NSMenuItem.h; sourceTree = "<group>"; };
/* End PBXFileReference section */

/* Begin PBXFrameworksBuildPhase section */
		280126202007260B00647962 /* Frameworks */ = {
			isa = PBXFrameworksBuildPhase;
			buildActionMask = 2147483647;
			files = (
			);
			runOnlyForDeploymentPostprocessing = 0;
		};
/* End PBXFrameworksBuildPhase section */

/* Begin PBXGroup section */
		2801260E2007205800647962 = {
			isa = PBXGroup;
			children = (
				2801261E200720E400647962 /* Makefile */,
				28A3BA022033EA9F0091A44E /* NeilOS.h */,
				2801261A2007209500647962 /* Core */,
				2801261B2007209A00647962 /* GUI */,
				280126252007260B00647962 /* product */,
				280126242007260B00647962 /* Products */,
			);
			sourceTree = "<group>";
		};
		2801261A2007209500647962 /* Core */ = {
			isa = PBXGroup;
			children = (
				28A3B9FF2033DE7C0091A44E /* NSApplication.cpp */,
				28A3BA002033DE7C0091A44E /* NSApplication.h */,
				281CEB23201FF7FA00C7D407 /* NSColor.cpp */,
				281CEB24201FF7FA00C7D407 /* NSColor.h */,
				281246D620C9F96600546A96 /* NSCursor.cpp */,
				281246D720C9F96600546A96 /* NSCursor.h */,
				28A3B9ED2032CCE20091A44E /* NSEvent.cpp */,
				28A3B9EE2032CCE20091A44E /* NSEvent.h */,
				287D0A5D20BE297B00A7E675 /* Events */,
				281CEB2920211F1400C7D407 /* NSFont.cpp */,
				281CEB2A20211F1400C7D407 /* NSFont.h */,
				28A3B9F92032CD930091A44E /* NSHandler.cpp */,
				28A3B9FA2032CD930091A44E /* NSHandler.h */,
				281CEB1D201FEF3200C7D407 /* NSImage.cpp */,
				281CEB1E201FEF3200C7D407 /* NSImage.h */,
				28A3B9FC2032CFC10091A44E /* NSLock.cpp */,
				28A3B9FD2032CFC10091A44E /* NSLock.h */,
				281CEB1A201FB63D00C7D407 /* NSLog.cpp */,
				281CEB1B201FB63D00C7D407 /* NSLog.h */,
				28A3BA29203AA73C0091A44E /* NSResponder.cpp */,
				28A3BA2A203AA73C0091A44E /* NSResponder.h */,
				28A3B9F32032CD340091A44E /* NSRunLoop.cpp */,
				28A3B9F42032CD340091A44E /* NSRunLoop.h */,
				2801261C200720B200647962 /* NSSound.cpp */,
				2801261D200720B200647962 /* NSSound.h */,
				28A3B9F62032CD6D0091A44E /* NSThread.cpp */,
				28A3B9F72032CD6D0091A44E /* NSThread.h */,
				28A3B9F02032CD0D0091A44E /* NSTimer.cpp */,
				28A3B9F12032CD0D0091A44E /* NSTimer.h */,
				281CEB21201FF09D00C7D407 /* NSTypes.cpp */,
				281CEB20201FF04800C7D407 /* NSTypes.h */,
			);
			path = Core;
			sourceTree = "<group>";
		};
		2801261B2007209A00647962 /* GUI */ = {
			isa = PBXGroup;
			children = (
				281246D320C8735900546A96 /* NSAnimation.cpp */,
				281246D420C8735900546A96 /* NSAnimation.h */,
				2812479020CF78A100546A96 /* NSBox.cpp */,
				2812479120CF78A100546A96 /* NSBox.h */,
				281246BF20C5142400546A96 /* NSButton.cpp */,
				281246C020C5142400546A96 /* NSButton.h */,
				2812479320D08FD800546A96 /* NSCheckBox.cpp */,
				2812479420D08FD800546A96 /* NSCheckBox.h */,
				281246B620BFAB0400546A96 /* NSControl.cpp */,
				281246B720BFAB0400546A96 /* NSControl.h */,
				281246BC20C2161E00546A96 /* NSImageView.cpp */,
				281246BD20C2161E00546A96 /* NSImageView.h */,
				281246B920BFB55E00546A96 /* NSLabel.cpp */,
				281246BA20BFB55E00546A96 /* NSLabel.h */,
				28F178CE20B37F5000DBF40F /* NSMenu.cpp */,
				28F178CF20B37F5000DBF40F /* NSMenu.h */,
				28F178D120B61D0900DBF40F /* NSMenuItem.cpp */,
				28F178D220B61D0900DBF40F /* NSMenuItem.h */,
				2812479A20D0CEC200546A96 /* NSProgressBar.cpp */,
				2812479B20D0CEC200546A96 /* NSProgressBar.h */,
				2812479720D0B36800546A96 /* NSRadioButton.cpp */,
				2812479820D0B36800546A96 /* NSRadioButton.h */,
				2812470220CB0CA900546A96 /* NSScrollView.cpp */,
				2812470320CB0CA900546A96 /* NSScrollView.h */,
				28A3BA23203AA65F0091A44E /* NSView.cpp */,
				28A3BA24203AA65F0091A44E /* NSView.h */,
				28A3BA26203AA6810091A44E /* NSWindow.cpp */,
				28A3BA27203AA6810091A44E /* NSWindow.h */,
			);
			path = GUI;
			sourceTree = "<group>";
		};
		280126242007260B00647962 /* Products */ = {
			isa = PBXGroup;
			children = (
				280126232007260B00647962 /* product */,
			);
			name = Products;
			sourceTree = "<group>";
		};
		280126252007260B00647962 /* product */ = {
			isa = PBXGroup;
			children = (
				280126262007260B00647962 /* main.cpp */,
			);
			path = product;
			sourceTree = "<group>";
		};
		287D0A5D20BE297B00A7E675 /* Events */ = {
			isa = PBXGroup;
			children = (
				287D0A6B20BE297B00A7E675 /* NSEventDefs.cpp */,
				281246B320BF912600546A96 /* NSEventResource.cpp */,
				281246B520BF956900546A96 /* NSEventResource.hpp */,
				287D0A6320BE297B00A7E675 /* Window */,
				287D0A5E20BE297B00A7E675 /* Init */,
				287D0A6120BE297B00A7E675 /* Settings */,
				287D0A6C20BE297B00A7E675 /* Application */,
			);
			path = Events;
			sourceTree = "<group>";
		};
		287D0A5E20BE297B00A7E675 /* Init */ = {
			isa = PBXGroup;
			children = (
				287D0A5F20BE297B00A7E675 /* NSEventInit.cpp */,
				287D0A6020BE297B00A7E675 /* NSEventInitResp.cpp */,
			);
			path = Init;
			sourceTree = "<group>";
		};
		287D0A6120BE297B00A7E675 /* Settings */ = {
			isa = PBXGroup;
			children = (
				287D0A6220BE297B00A7E675 /* NSEventSettingsPixelScalingFactor.cpp */,
			);
			path = Settings;
			sourceTree = "<group>";
		};
		287D0A6320BE297B00A7E675 /* Window */ = {
			isa = PBXGroup;
			children = (
				287D0A6420BE297B00A7E675 /* NSEventWindowCreate.cpp */,
				287D0A6620BE297B00A7E675 /* NSEventWindowDestroy.cpp */,
				287D0A6920BE297B00A7E675 /* NSEventWindowShow.cpp */,
				287D0A6520BE297B00A7E675 /* NSEventWindowMakeKey.cpp */,
				287D0A6720BE297B00A7E675 /* NSEventWindowSetTitle.cpp */,
				287D0A6A20BE297B00A7E675 /* NSEventWindowSetFrame.cpp */,
				287D0A6820BE297B00A7E675 /* NSEventWindowDraw.cpp */,
			);
			path = Window;
			sourceTree = "<group>";
		};
		287D0A6C20BE297B00A7E675 /* Application */ = {
			isa = PBXGroup;
			children = (
				287D0A6D20BE297B00A7E675 /* NSEventApplicationQuit.cpp */,
				287D0A9F20BE2FEF00A7E675 /* NSEventApplicationSetMenu.cpp */,
				281246B120BF3D4C00546A96 /* NSEventApplicationMenuEvent.cpp */,
				287D0A6E20BE297B00A7E675 /* NSEventApplicationOpenFile.cpp */,
				287D0A6F20BE297B00A7E675 /* NSEventApplicationFocus.cpp */,
				281246D920C9FA5B00546A96 /* NSEventApplicationSetCursor.cpp */,
			);
			path = Application;
			sourceTree = "<group>";
		};
/* End PBXGroup section */

/* Begin PBXLegacyTarget section */
		280126132007205800647962 /* NeilOS */ = {
			isa = PBXLegacyTarget;
			buildArgumentsString = "$(ACTION) -j4";
			buildConfigurationList = 280126162007205800647962 /* Build configuration list for PBXLegacyTarget "NeilOS" */;
			buildPhases = (
			);
			buildToolPath = /usr/bin/make;
			buildWorkingDirectory = "";
			dependencies = (
			);
			name = NeilOS;
			passBuildSettingsInEnvironment = 1;
			productName = NeilOS;
		};
/* End PBXLegacyTarget section */

/* Begin PBXNativeTarget section */
		280126222007260B00647962 /* product */ = {
			isa = PBXNativeTarget;
			buildConfigurationList = 280126282007260B00647962 /* Build configuration list for PBXNativeTarget "product" */;
			buildPhases = (
				2801261F2007260B00647962 /* Sources */,
				280126202007260B00647962 /* Frameworks */,
				280126212007260B00647962 /* CopyFiles */,
			);
			buildRules = (
			);
			dependencies = (
			);
			name = product;
			productName = product;
			productReference = 280126232007260B00647962 /* product */;
			productType = "com.apple.product-type.tool";
		};
/* End PBXNativeTarget section */

/* Begin PBXProject section */
		2801260F2007205800647962 /* Project object */ = {
			isa = PBXProject;
			attributes = {
				LastUpgradeCheck = 0910;
				ORGANIZATIONNAME = "Neil Singh";
				TargetAttributes = {
					280126132007205800647962 = {
						CreatedOnToolsVersion = 9.1;
						ProvisioningStyle = Automatic;
					};
					280126222007260B00647962 = {
						CreatedOnToolsVersion = 9.1;
						ProvisioningStyle = Automatic;
					};
				};
			};
			buildConfigurationList = 280126122007205800647962 /* Build configuration list for PBXProject "NeilOS" */;
			compatibilityVersion = "Xcode 8.0";
			developmentRegion = en;
			hasScannedForEncodings = 0;
			knownRegions = (
				en,
			);
			mainGroup = 2801260E2007205800647962;
			productRefGroup = 280126242007260B00647962 /* Products */;
			projectDirPath = "";
			projectRoot = "";
			targets = (
				280126132007205800647962 /* NeilOS */,
				280126222007260B00647962 /* product */,
			);
		};
/* End PBXProject section */

/* Begin PBXSourcesBuildPhase section */
		2801261F2007260B00647962 /* Sources */ = {
			isa = PBXSourcesBuildPhase;
			buildActionMask = 2147483647;
			files = (
				281CEB22201FF09D00C7D407 /* NSTypes.cpp in Sources */,
				287D0A7220BE298600A7E675 /* NSEventSettingsPixelScalingFactor.cpp in Sources */,
				287D0A7520BE298E00A7E675 /* NSEventWindowDestroy.cpp in Sources */,
				287D0A7C20BE29B100A7E675 /* NSEventApplicationFocus.cpp in Sources */,
				28A3BA012033DE7C0091A44E /* NSApplication.cpp in Sources */,
				287D0A7420BE298C00A7E675 /* NSEventWindowMakeKey.cpp in Sources */,
				287D0A7A20BE29AD00A7E675 /* NSEventApplicationQuit.cpp in Sources */,
				28A3B9FB2032CD930091A44E /* NSHandler.cpp in Sources */,
				28A3B9F82032CD6D0091A44E /* NSThread.cpp in Sources */,
				281CEB1F201FEF3200C7D407 /* NSImage.cpp in Sources */,
				281246C120C5142400546A96 /* NSButton.cpp in Sources */,
				28A3B9F22032CD0D0091A44E /* NSTimer.cpp in Sources */,
				281246B420BF912600546A96 /* NSEventResource.cpp in Sources */,
				287D0A7720BE299300A7E675 /* NSEventWindowDraw.cpp in Sources */,
				281246B820BFAB0400546A96 /* NSControl.cpp in Sources */,
				287D0AA020BE2FEF00A7E675 /* NSEventApplicationSetMenu.cpp in Sources */,
				2812479920D0B36800546A96 /* NSRadioButton.cpp in Sources */,
				28A3BA28203AA6810091A44E /* NSWindow.cpp in Sources */,
				28F178D320B61D0900DBF40F /* NSMenuItem.cpp in Sources */,
				287D0A7620BE299000A7E675 /* NSEventWindowSetTitle.cpp in Sources */,
				28A3B9FE2032CFC10091A44E /* NSLock.cpp in Sources */,
				287D0A7820BE299500A7E675 /* NSEventWindowShow.cpp in Sources */,
				281246D520C8735900546A96 /* NSAnimation.cpp in Sources */,
				281246B220BF3D4C00546A96 /* NSEventApplicationMenuEvent.cpp in Sources */,
				2812479520D08FD800546A96 /* NSCheckBox.cpp in Sources */,
				281246BB20BFB55E00546A96 /* NSLabel.cpp in Sources */,
				2812470420CB0CA900546A96 /* NSScrollView.cpp in Sources */,
				281246D820C9F96600546A96 /* NSCursor.cpp in Sources */,
				281CEB25201FF7FA00C7D407 /* NSColor.cpp in Sources */,
				2812479C20D0CEC200546A96 /* NSProgressBar.cpp in Sources */,
				281246DA20C9FA5B00546A96 /* NSEventApplicationSetCursor.cpp in Sources */,
				281CEB2B20211F1400C7D407 /* NSFont.cpp in Sources */,
				287D0A7320BE298900A7E675 /* NSEventWindowCreate.cpp in Sources */,
				2801262B2007261500647962 /* NSSound.cpp in Sources */,
				28A3BA2B203AA73C0091A44E /* NSResponder.cpp in Sources */,
				28A3BA25203AA65F0091A44E /* NSView.cpp in Sources */,
				280126272007260B00647962 /* main.cpp in Sources */,
				281246BE20C2161E00546A96 /* NSImageView.cpp in Sources */,
				281CEB1C201FB63D00C7D407 /* NSLog.cpp in Sources */,
				287D0A7920BE299700A7E675 /* NSEventWindowSetFrame.cpp in Sources */,
				28F178D020B37F5000DBF40F /* NSMenu.cpp in Sources */,
				28A3B9F52032CD340091A44E /* NSRunLoop.cpp in Sources */,
				287D0A7120BE298400A7E675 /* NSEventInitResp.cpp in Sources */,
				28A3B9EF2032CCE20091A44E /* NSEvent.cpp in Sources */,
				2812479220CF78A100546A96 /* NSBox.cpp in Sources */,
				287D0A7020BE298200A7E675 /* NSEventInit.cpp in Sources */,
				287D0A7B20BE29AF00A7E675 /* NSEventApplicationOpenFile.cpp in Sources */,
				287D0A7D20BE29B300A7E675 /* NSEventDefs.cpp in Sources */,
			);
			runOnlyForDeploymentPostprocessing = 0;
		};
/* End PBXSourcesBuildPhase section */

/* Begin XCBuildConfiguration section */
		280126142007205800647962 /* Debug */ = {
			isa = XCBuildConfiguration;
			buildSettings = {
				ALWAYS_SEARCH_USER_PATHS = NO;
				CLANG_ANALYZER_NONNULL = YES;
				CLANG_ANALYZER_NUMBER_OBJECT_CONVERSION = YES_AGGRESSIVE;
				CLANG_CXX_LANGUAGE_STANDARD = "gnu++14";
				CLANG_CXX_LIBRARY = "libc++";
				CLANG_ENABLE_MODULES = YES;
				CLANG_ENABLE_OBJC_ARC = YES;
				CLANG_WARN_BLOCK_CAPTURE_AUTORELEASING = YES;
				CLANG_WARN_BOOL_CONVERSION = YES;
				CLANG_WARN_COMMA = YES;
				CLANG_WARN_CONSTANT_CONVERSION = YES;
				CLANG_WARN_DIRECT_OBJC_ISA_USAGE = YES_ERROR;
				CLANG_WARN_DOCUMENTATION_COMMENTS = YES;
				CLANG_WARN_EMPTY_BODY = YES;
				CLANG_WARN_ENUM_CONVERSION = YES;
				CLANG_WARN_INFINITE_RECURSION = YES;
				CLANG_WARN_INT_CONVERSION = YES;
				CLANG_WARN_NON_LITERAL_NULL_CONVERSION = YES;
				CLANG_WARN_OBJC_LITERAL_CONVERSION = YES;
				CLANG_WARN_OBJC_ROOT_CLASS = YES_ERROR;
				CLANG_WARN_RANGE_LOOP_ANALYSIS = YES;
				CLANG_WARN_STRICT_PROTOTYPES = YES;
				CLANG_WARN_SUSPICIOUS_MOVE = YES;
				CLANG_WARN_UNGUARDED_AVAILABILITY = YES_AGGRESSIVE;
				CLANG_WARN_UNREACHABLE_CODE = YES;
				CLANG_WARN__DUPLICATE_METHOD_MATCH = YES;
				COPY_PHASE_STRIP = NO;
				DEBUG_INFORMATION_FORMAT = dwarf;
				ENABLE_STRICT_OBJC_MSGSEND = YES;
				ENABLE_TESTABILITY = YES;
				GCC_C_LANGUAGE_STANDARD = gnu11;
				GCC_DYNAMIC_NO_PIC = NO;
				GCC_NO_COMMON_BLOCKS = YES;
				GCC_OPTIMIZATION_LEVEL = 0;
				GCC_PREPROCESSOR_DEFINITIONS = (
					"DEBUG=1",
					"$(inherited)",
				);
				GCC_WARN_64_TO_32_BIT_CONVERSION = YES;
				GCC_WARN_ABOUT_RETURN_TYPE = YES_ERROR;
				GCC_WARN_UNDECLARED_SELECTOR = YES;
				GCC_WARN_UNINITIALIZED_AUTOS = YES_AGGRESSIVE;
				GCC_WARN_UNUSED_FUNCTION = YES;
				GCC_WARN_UNUSED_VARIABLE = YES;
				HEADER_SEARCH_PATHS = /Users/Neil/NeilOS/sysroot/usr/include/;
				MTL_ENABLE_DEBUG_INFO = YES;
				ONLY_ACTIVE_ARCH = YES;
			};
			name = Debug;
		};
		280126152007205800647962 /* Release */ = {
			isa = XCBuildConfiguration;
			buildSettings = {
				ALWAYS_SEARCH_USER_PATHS = NO;
				CLANG_ANALYZER_NONNULL = YES;
				CLANG_ANALYZER_NUMBER_OBJECT_CONVERSION = YES_AGGRESSIVE;
				CLANG_CXX_LANGUAGE_STANDARD = "gnu++14";
				CLANG_CXX_LIBRARY = "libc++";
				CLANG_ENABLE_MODULES = YES;
				CLANG_ENABLE_OBJC_ARC = YES;
				CLANG_WARN_BLOCK_CAPTURE_AUTORELEASING = YES;
				CLANG_WARN_BOOL_CONVERSION = YES;
				CLANG_WARN_COMMA = YES;
				CLANG_WARN_CONSTANT_CONVERSION = YES;
				CLANG_WARN_DIRECT_OBJC_ISA_USAGE = YES_ERROR;
				CLANG_WARN_DOCUMENTATION_COMMENTS = YES;
				CLANG_WARN_EMPTY_BODY = YES;
				CLANG_WARN_ENUM_CONVERSION = YES;
				CLANG_WARN_INFINITE_RECURSION = YES;
				CLANG_WARN_INT_CONVERSION = YES;
				CLANG_WARN_NON_LITERAL_NULL_CONVERSION = YES;
				CLANG_WARN_OBJC_LITERAL_CONVERSION = YES;
				CLANG_WARN_OBJC_ROOT_CLASS = YES_ERROR;
				CLANG_WARN_RANGE_LOOP_ANALYSIS = YES;
				CLANG_WARN_STRICT_PROTOTYPES = YES;
				CLANG_WARN_SUSPICIOUS_MOVE = YES;
				CLANG_WARN_UNGUARDED_AVAILABILITY = YES_AGGRESSIVE;
				CLANG_WARN_UNREACHABLE_CODE = YES;
				CLANG_WARN__DUPLICATE_METHOD_MATCH = YES;
				COPY_PHASE_STRIP = NO;
				DEBUG_INFORMATION_FORMAT = "dwarf-with-dsym";
				ENABLE_NS_ASSERTIONS = NO;
				ENABLE_STRICT_OBJC_MSGSEND = YES;
				GCC_C_LANGUAGE_STANDARD = gnu11;
				GCC_NO_COMMON_BLOCKS = YES;
				GCC_WARN_64_TO_32_BIT_CONVERSION = YES;
				GCC_WARN_ABOUT_RETURN_TYPE = YES_ERROR;
				GCC_WARN_UNDECLARED_SELECTOR = YES;
				GCC_WARN_UNINITIALIZED_AUTOS = YES_AGGRESSIVE;
				GCC_WARN_UNUSED_FUNCTION = YES;
				GCC_WARN_UNUSED_VARIABLE = YES;
				HEADER_SEARCH_PATHS = /Users/Neil/NeilOS/sysroot/usr/include/;
				MTL_ENABLE_DEBUG_INFO = NO;
			};
			name = Release;
		};
		280126172007205800647962 /* Debug */ = {
			isa = XCBuildConfiguration;
			buildSettings = {
				CODE_SIGN_STYLE = Automatic;
				DEBUGGING_SYMBOLS = YES;
				DEBUG_INFORMATION_FORMAT = dwarf;
				DEVELOPMENT_TEAM = K3L3Y6WG7K;
				GCC_GENERATE_DEBUGGING_SYMBOLS = YES;
				GCC_OPTIMIZATION_LEVEL = 0;
				OTHER_CFLAGS = "";
				OTHER_LDFLAGS = "";
				PRODUCT_NAME = "$(TARGET_NAME)";
			};
			name = Debug;
		};
		280126182007205800647962 /* Release */ = {
			isa = XCBuildConfiguration;
			buildSettings = {
				CODE_SIGN_STYLE = Automatic;
				DEBUG_INFORMATION_FORMAT = "dwarf-with-dsym";
				DEVELOPMENT_TEAM = K3L3Y6WG7K;
				OTHER_CFLAGS = "";
				OTHER_LDFLAGS = "";
				PRODUCT_NAME = "$(TARGET_NAME)";
			};
			name = Release;
		};
		280126292007260B00647962 /* Debug */ = {
			isa = XCBuildConfiguration;
			buildSettings = {
				CODE_SIGN_IDENTITY = "Mac Developer";
				CODE_SIGN_STYLE = Automatic;
				DEVELOPMENT_TEAM = K3L3Y6WG7K;
				MACOSX_DEPLOYMENT_TARGET = 10.13;
				PRODUCT_NAME = "$(TARGET_NAME)";
				SDKROOT = macosx;
			};
			name = Debug;
		};
		2801262A2007260B00647962 /* Release */ = {
			isa = XCBuildConfiguration;
			buildSettings = {
				CODE_SIGN_IDENTITY = "Mac Developer";
				CODE_SIGN_STYLE = Automatic;
				DEVELOPMENT_TEAM = K3L3Y6WG7K;
				MACOSX_DEPLOYMENT_TARGET = 10.13;
				PRODUCT_NAME = "$(TARGET_NAME)";
				SDKROOT = macosx;
			};
			name = Release;
		};
/* End XCBuildConfiguration section */

/* Begin XCConfigurationList section */
		280126122007205800647962 /* Build configuration list for PBXProject "NeilOS" */ = {
			isa = XCConfigurationList;
			buildConfigurations = (
				280126142007205800647962 /* Debug */,
				280126152007205800647962 /* Release */,
			);
			defaultConfigurationIsVisible = 0;
			defaultConfigurationName = Release;
		};
		280126162007205800647962 /* Build configuration list for PBXLegacyTarget "NeilOS" */ = {
			isa = XCConfigurationList;
			buildConfigurations = (
				280126172007205800647962 /* Debug */,
				280126182007205800647962 /* Release */,
			);
			defaultConfigurationIsVisible = 0;
			defaultConfigurationName = Release;
		};
		280126282007260B00647962 /* Build configuration list for PBXNativeTarget "product" */ = {
			isa = XCConfigurationList;
			buildConfigurations = (
				280126292007260B00647962 /* Debug */,
				2801262A2007260B00647962 /* Release */,
			);
			defaultConfigurationIsVisible = 0;
			defaultConfigurationName = Release;
		};
/* End XCConfigurationList section */
	};
	rootObject = 2801260F2007205800647962 /* Project object */;
}
