// !$*UTF8*$!
{
	archiveVersion = 1;
	classes = {
	};
	objectVersion = 48;
	objects = {

/* Begin PBXBuildFile section */
		281CEB182019B21800C7D407 /* main.cpp in Sources */ = {isa = PBXBuildFile; fileRef = 281CEB0B2019B1DF00C7D407 /* main.cpp */; };
		283A743B202FC79B0025F555 /* Boot.cpp in Sources */ = {isa = PBXBuildFile; fileRef = 283A7439202FC79B0025F555 /* Boot.cpp */; };
		28A3BA0A2037504D0091A44E /* Desktop.cpp in Sources */ = {isa = PBXBuildFile; fileRef = 28A3BA082037504D0091A44E /* Desktop.cpp */; };
		28A3BA31203BA2720091A44E /* Window.cpp in Sources */ = {isa = PBXBuildFile; fileRef = 28A3BA2F203BA2720091A44E /* Window.cpp */; };
		28F178D820B74D1600DBF40F /* Application.cpp in Sources */ = {isa = PBXBuildFile; fileRef = 28F178D620B74D1600DBF40F /* Application.cpp */; };
		28F178DA20B752E100DBF40F /* NSEventDefs.cpp in Sources */ = {isa = PBXBuildFile; fileRef = 28F178D920B752E000DBF40F /* NSEventDefs.cpp */; };
		28F178DD20B7C33D00DBF40F /* Event.cpp in Sources */ = {isa = PBXBuildFile; fileRef = 28F178DB20B7C33D00DBF40F /* Event.cpp */; };
/* End PBXBuildFile section */

/* Begin PBXCopyFilesBuildPhase section */
		281CEB0E2019B20300C7D407 /* CopyFiles */ = {
			isa = PBXCopyFilesBuildPhase;
			buildActionMask = 2147483647;
			dstPath = /usr/share/man/man1/;
			dstSubfolderSpec = 0;
			files = (
			);
			runOnlyForDeploymentPostprocessing = 1;
		};
/* End PBXCopyFilesBuildPhase section */

/* Begin PBXFileReference section */
		281CEB0A2019B1B100C7D407 /* Makefile */ = {isa = PBXFileReference; lastKnownFileType = sourcecode.make; path = Makefile; sourceTree = "<group>"; };
		281CEB0B2019B1DF00C7D407 /* main.cpp */ = {isa = PBXFileReference; lastKnownFileType = sourcecode.cpp.cpp; path = main.cpp; sourceTree = "<group>"; xcLanguageSpecificationIdentifier = xcode.lang.cpp; };
		281CEB102019B20300C7D407 /* product */ = {isa = PBXFileReference; explicitFileType = "compiled.mach-o.executable"; includeInIndex = 0; path = product; sourceTree = BUILT_PRODUCTS_DIR; };
		283A7439202FC79B0025F555 /* Boot.cpp */ = {isa = PBXFileReference; lastKnownFileType = sourcecode.cpp.cpp; path = Boot.cpp; sourceTree = "<group>"; };
		283A743A202FC79B0025F555 /* Boot.h */ = {isa = PBXFileReference; lastKnownFileType = sourcecode.c.h; path = Boot.h; sourceTree = "<group>"; };
		28A3BA082037504D0091A44E /* Desktop.cpp */ = {isa = PBXFileReference; lastKnownFileType = sourcecode.cpp.cpp; path = Desktop.cpp; sourceTree = "<group>"; };
		28A3BA092037504D0091A44E /* Desktop.h */ = {isa = PBXFileReference; lastKnownFileType = sourcecode.c.h; path = Desktop.h; sourceTree = "<group>"; };
		28A3BA2F203BA2720091A44E /* Window.cpp */ = {isa = PBXFileReference; lastKnownFileType = sourcecode.cpp.cpp; path = Window.cpp; sourceTree = "<group>"; };
		28A3BA30203BA2720091A44E /* Window.h */ = {isa = PBXFileReference; lastKnownFileType = sourcecode.c.h; path = Window.h; sourceTree = "<group>"; };
		28F178D620B74D1600DBF40F /* Application.cpp */ = {isa = PBXFileReference; lastKnownFileType = sourcecode.cpp.cpp; path = Application.cpp; sourceTree = "<group>"; };
		28F178D720B74D1600DBF40F /* Application.h */ = {isa = PBXFileReference; lastKnownFileType = sourcecode.c.h; path = Application.h; sourceTree = "<group>"; };
		28F178D920B752E000DBF40F /* NSEventDefs.cpp */ = {isa = PBXFileReference; fileEncoding = 4; lastKnownFileType = sourcecode.cpp.cpp; path = NSEventDefs.cpp; sourceTree = "<group>"; };
		28F178DB20B7C33D00DBF40F /* Event.cpp */ = {isa = PBXFileReference; lastKnownFileType = sourcecode.cpp.cpp; path = Event.cpp; sourceTree = "<group>"; };
		28F178DC20B7C33D00DBF40F /* Event.h */ = {isa = PBXFileReference; lastKnownFileType = sourcecode.c.h; path = Event.h; sourceTree = "<group>"; };
/* End PBXFileReference section */

/* Begin PBXFrameworksBuildPhase section */
		281CEB0D2019B20300C7D407 /* Frameworks */ = {
			isa = PBXFrameworksBuildPhase;
			buildActionMask = 2147483647;
			files = (
			);
			runOnlyForDeploymentPostprocessing = 0;
		};
/* End PBXFrameworksBuildPhase section */

/* Begin PBXGroup section */
		281CEAFF2019B19F00C7D407 = {
			isa = PBXGroup;
			children = (
				28F178D920B752E000DBF40F /* NSEventDefs.cpp */,
				281CEB0B2019B1DF00C7D407 /* main.cpp */,
				28F178D620B74D1600DBF40F /* Application.cpp */,
				28F178D720B74D1600DBF40F /* Application.h */,
				283A7439202FC79B0025F555 /* Boot.cpp */,
				283A743A202FC79B0025F555 /* Boot.h */,
				28A3BA082037504D0091A44E /* Desktop.cpp */,
				28A3BA092037504D0091A44E /* Desktop.h */,
				28F178DB20B7C33D00DBF40F /* Event.cpp */,
				28F178DC20B7C33D00DBF40F /* Event.h */,
				28A3BA2F203BA2720091A44E /* Window.cpp */,
				28A3BA30203BA2720091A44E /* Window.h */,
				281CEB0A2019B1B100C7D407 /* Makefile */,
				281CEB122019B20300C7D407 /* product */,
				281CEB112019B20300C7D407 /* Products */,
			);
			sourceTree = "<group>";
		};
		281CEB112019B20300C7D407 /* Products */ = {
			isa = PBXGroup;
			children = (
				281CEB102019B20300C7D407 /* product */,
			);
			name = Products;
			sourceTree = "<group>";
		};
		281CEB122019B20300C7D407 /* product */ = {
			isa = PBXGroup;
			children = (
			);
			path = product;
			sourceTree = "<group>";
		};
/* End PBXGroup section */

/* Begin PBXLegacyTarget section */
		281CEB042019B19F00C7D407 /* WindowServer */ = {
			isa = PBXLegacyTarget;
			buildArgumentsString = "$(ACTION)";
			buildConfigurationList = 281CEB072019B1A000C7D407 /* Build configuration list for PBXLegacyTarget "WindowServer" */;
			buildPhases = (
			);
			buildToolPath = /usr/bin/make;
			dependencies = (
			);
			name = WindowServer;
			passBuildSettingsInEnvironment = 1;
			productName = WindowServer;
		};
/* End PBXLegacyTarget section */

/* Begin PBXNativeTarget section */
		281CEB0F2019B20300C7D407 /* product */ = {
			isa = PBXNativeTarget;
			buildConfigurationList = 281CEB152019B20400C7D407 /* Build configuration list for PBXNativeTarget "product" */;
			buildPhases = (
				281CEB0C2019B20300C7D407 /* Sources */,
				281CEB0D2019B20300C7D407 /* Frameworks */,
				281CEB0E2019B20300C7D407 /* CopyFiles */,
			);
			buildRules = (
			);
			dependencies = (
			);
			name = product;
			productName = product;
			productReference = 281CEB102019B20300C7D407 /* product */;
			productType = "com.apple.product-type.tool";
		};
/* End PBXNativeTarget section */

/* Begin PBXProject section */
		281CEB002019B19F00C7D407 /* Project object */ = {
			isa = PBXProject;
			attributes = {
				LastUpgradeCheck = 0910;
				ORGANIZATIONNAME = "Neil Singh";
				TargetAttributes = {
					281CEB042019B19F00C7D407 = {
						CreatedOnToolsVersion = 9.1;
						ProvisioningStyle = Automatic;
					};
					281CEB0F2019B20300C7D407 = {
						CreatedOnToolsVersion = 9.1;
						ProvisioningStyle = Automatic;
					};
				};
			};
			buildConfigurationList = 281CEB032019B19F00C7D407 /* Build configuration list for PBXProject "WindowServer" */;
			compatibilityVersion = "Xcode 8.0";
			developmentRegion = en;
			hasScannedForEncodings = 0;
			knownRegions = (
				en,
			);
			mainGroup = 281CEAFF2019B19F00C7D407;
			productRefGroup = 281CEB112019B20300C7D407 /* Products */;
			projectDirPath = "";
			projectRoot = "";
			targets = (
				281CEB042019B19F00C7D407 /* WindowServer */,
				281CEB0F2019B20300C7D407 /* product */,
			);
		};
/* End PBXProject section */

/* Begin PBXSourcesBuildPhase section */
		281CEB0C2019B20300C7D407 /* Sources */ = {
			isa = PBXSourcesBuildPhase;
			buildActionMask = 2147483647;
			files = (
				281CEB182019B21800C7D407 /* main.cpp in Sources */,
				28F178DA20B752E100DBF40F /* NSEventDefs.cpp in Sources */,
				28A3BA31203BA2720091A44E /* Window.cpp in Sources */,
				28F178D820B74D1600DBF40F /* Application.cpp in Sources */,
				28F178DD20B7C33D00DBF40F /* Event.cpp in Sources */,
				283A743B202FC79B0025F555 /* Boot.cpp in Sources */,
				28A3BA0A2037504D0091A44E /* Desktop.cpp in Sources */,
			);
			runOnlyForDeploymentPostprocessing = 0;
		};
/* End PBXSourcesBuildPhase section */

/* Begin XCBuildConfiguration section */
		281CEB052019B1A000C7D407 /* Debug */ = {
			isa = XCBuildConfiguration;
			buildSettings = {
				ALWAYS_SEARCH_USER_PATHS = NO;
				CLANG_ANALYZER_NONNULL = YES;
				CLANG_ANALYZER_NUMBER_OBJECT_CONVERSION = YES_AGGRESSIVE;
				CLANG_CXX_LANGUAGE_STANDARD = "gnu++14";
				CLANG_CXX_LIBRARY = "libc++";
				CLANG_ENABLE_MODULES = YES;
				CLANG_ENABLE_OBJC_ARC = YES;
				CLANG_WARN_BLOCK_CAPTURE_AUTORELEASING = YES;
				CLANG_WARN_BOOL_CONVERSION = YES;
				CLANG_WARN_COMMA = YES;
				CLANG_WARN_CONSTANT_CONVERSION = YES;
				CLANG_WARN_DIRECT_OBJC_ISA_USAGE = YES_ERROR;
				CLANG_WARN_DOCUMENTATION_COMMENTS = YES;
				CLANG_WARN_EMPTY_BODY = YES;
				CLANG_WARN_ENUM_CONVERSION = YES;
				CLANG_WARN_INFINITE_RECURSION = YES;
				CLANG_WARN_INT_CONVERSION = YES;
				CLANG_WARN_NON_LITERAL_NULL_CONVERSION = YES;
				CLANG_WARN_OBJC_LITERAL_CONVERSION = YES;
				CLANG_WARN_OBJC_ROOT_CLASS = YES_ERROR;
				CLANG_WARN_RANGE_LOOP_ANALYSIS = YES;
				CLANG_WARN_STRICT_PROTOTYPES = YES;
				CLANG_WARN_SUSPICIOUS_MOVE = YES;
				CLANG_WARN_UNGUARDED_AVAILABILITY = YES_AGGRESSIVE;
				CLANG_WARN_UNREACHABLE_CODE = YES;
				CLANG_WARN__DUPLICATE_METHOD_MATCH = YES;
				COPY_PHASE_STRIP = NO;
				DEBUG_INFORMATION_FORMAT = dwarf;
				ENABLE_STRICT_OBJC_MSGSEND = YES;
				ENABLE_TESTABILITY = YES;
				GCC_C_LANGUAGE_STANDARD = gnu11;
				GCC_DYNAMIC_NO_PIC = NO;
				GCC_NO_COMMON_BLOCKS = YES;
				GCC_OPTIMIZATION_LEVEL = 0;
				GCC_PREPROCESSOR_DEFINITIONS = (
					"DEBUG=1",
					"$(inherited)",
				);
				GCC_WARN_64_TO_32_BIT_CONVERSION = YES;
				GCC_WARN_ABOUT_RETURN_TYPE = YES_ERROR;
				GCC_WARN_UNDECLARED_SELECTOR = YES;
				GCC_WARN_UNINITIALIZED_AUTOS = YES_AGGRESSIVE;
				GCC_WARN_UNUSED_FUNCTION = YES;
				GCC_WARN_UNUSED_VARIABLE = YES;
				HEADER_SEARCH_PATHS = /Users/Neil/NeilOS/sysroot/usr/include/;
				MTL_ENABLE_DEBUG_INFO = YES;
				ONLY_ACTIVE_ARCH = YES;
			};
			name = Debug;
		};
		281CEB062019B1A000C7D407 /* Release */ = {
			isa = XCBuildConfiguration;
			buildSettings = {
				ALWAYS_SEARCH_USER_PATHS = NO;
				CLANG_ANALYZER_NONNULL = YES;
				CLANG_ANALYZER_NUMBER_OBJECT_CONVERSION = YES_AGGRESSIVE;
				CLANG_CXX_LANGUAGE_STANDARD = "gnu++14";
				CLANG_CXX_LIBRARY = "libc++";
				CLANG_ENABLE_MODULES = YES;
				CLANG_ENABLE_OBJC_ARC = YES;
				CLANG_WARN_BLOCK_CAPTURE_AUTORELEASING = YES;
				CLANG_WARN_BOOL_CONVERSION = YES;
				CLANG_WARN_COMMA = YES;
				CLANG_WARN_CONSTANT_CONVERSION = YES;
				CLANG_WARN_DIRECT_OBJC_ISA_USAGE = YES_ERROR;
				CLANG_WARN_DOCUMENTATION_COMMENTS = YES;
				CLANG_WARN_EMPTY_BODY = YES;
				CLANG_WARN_ENUM_CONVERSION = YES;
				CLANG_WARN_INFINITE_RECURSION = YES;
				CLANG_WARN_INT_CONVERSION = YES;
				CLANG_WARN_NON_LITERAL_NULL_CONVERSION = YES;
				CLANG_WARN_OBJC_LITERAL_CONVERSION = YES;
				CLANG_WARN_OBJC_ROOT_CLASS = YES_ERROR;
				CLANG_WARN_RANGE_LOOP_ANALYSIS = YES;
				CLANG_WARN_STRICT_PROTOTYPES = YES;
				CLANG_WARN_SUSPICIOUS_MOVE = YES;
				CLANG_WARN_UNGUARDED_AVAILABILITY = YES_AGGRESSIVE;
				CLANG_WARN_UNREACHABLE_CODE = YES;
				CLANG_WARN__DUPLICATE_METHOD_MATCH = YES;
				COPY_PHASE_STRIP = NO;
				DEBUG_INFORMATION_FORMAT = "dwarf-with-dsym";
				ENABLE_NS_ASSERTIONS = NO;
				ENABLE_STRICT_OBJC_MSGSEND = YES;
				GCC_C_LANGUAGE_STANDARD = gnu11;
				GCC_NO_COMMON_BLOCKS = YES;
				GCC_WARN_64_TO_32_BIT_CONVERSION = YES;
				GCC_WARN_ABOUT_RETURN_TYPE = YES_ERROR;
				GCC_WARN_UNDECLARED_SELECTOR = YES;
				GCC_WARN_UNINITIALIZED_AUTOS = YES_AGGRESSIVE;
				GCC_WARN_UNUSED_FUNCTION = YES;
				GCC_WARN_UNUSED_VARIABLE = YES;
				HEADER_SEARCH_PATHS = /Users/Neil/NeilOS/sysroot/usr/include/;
				MTL_ENABLE_DEBUG_INFO = NO;
			};
			name = Release;
		};
		281CEB082019B1A000C7D407 /* Debug */ = {
			isa = XCBuildConfiguration;
			buildSettings = {
				CODE_SIGN_STYLE = Automatic;
				DEBUGGING_SYMBOLS = YES;
				DEBUG_INFORMATION_FORMAT = dwarf;
				DEVELOPMENT_TEAM = K3L3Y6WG7K;
				GCC_GENERATE_DEBUGGING_SYMBOLS = YES;
				GCC_OPTIMIZATION_LEVEL = 0;
				OTHER_CFLAGS = "";
				OTHER_LDFLAGS = "";
				PRODUCT_NAME = "$(TARGET_NAME)";
			};
			name = Debug;
		};
		281CEB092019B1A000C7D407 /* Release */ = {
			isa = XCBuildConfiguration;
			buildSettings = {
				CODE_SIGN_STYLE = Automatic;
				DEBUG_INFORMATION_FORMAT = "dwarf-with-dsym";
				DEVELOPMENT_TEAM = K3L3Y6WG7K;
				OTHER_CFLAGS = "";
				OTHER_LDFLAGS = "";
				PRODUCT_NAME = "$(TARGET_NAME)";
			};
			name = Release;
		};
		281CEB162019B20400C7D407 /* Debug */ = {
			isa = XCBuildConfiguration;
			buildSettings = {
				CODE_SIGN_IDENTITY = "Mac Developer";
				CODE_SIGN_STYLE = Automatic;
				DEVELOPMENT_TEAM = K3L3Y6WG7K;
				MACOSX_DEPLOYMENT_TARGET = 10.13;
				PRODUCT_NAME = "$(TARGET_NAME)";
				SDKROOT = macosx;
			};
			name = Debug;
		};
		281CEB172019B20400C7D407 /* Release */ = {
			isa = XCBuildConfiguration;
			buildSettings = {
				CODE_SIGN_IDENTITY = "Mac Developer";
				CODE_SIGN_STYLE = Automatic;
				DEVELOPMENT_TEAM = K3L3Y6WG7K;
				MACOSX_DEPLOYMENT_TARGET = 10.13;
				PRODUCT_NAME = "$(TARGET_NAME)";
				SDKROOT = macosx;
			};
			name = Release;
		};
/* End XCBuildConfiguration section */

/* Begin XCConfigurationList section */
		281CEB032019B19F00C7D407 /* Build configuration list for PBXProject "WindowServer" */ = {
			isa = XCConfigurationList;
			buildConfigurations = (
				281CEB052019B1A000C7D407 /* Debug */,
				281CEB062019B1A000C7D407 /* Release */,
			);
			defaultConfigurationIsVisible = 0;
			defaultConfigurationName = Release;
		};
		281CEB072019B1A000C7D407 /* Build configuration list for PBXLegacyTarget "WindowServer" */ = {
			isa = XCConfigurationList;
			buildConfigurations = (
				281CEB082019B1A000C7D407 /* Debug */,
				281CEB092019B1A000C7D407 /* Release */,
			);
			defaultConfigurationIsVisible = 0;
			defaultConfigurationName = Release;
		};
		281CEB152019B20400C7D407 /* Build configuration list for PBXNativeTarget "product" */ = {
			isa = XCConfigurationList;
			buildConfigurations = (
				281CEB162019B20400C7D407 /* Debug */,
				281CEB172019B20400C7D407 /* Release */,
			);
			defaultConfigurationIsVisible = 0;
			defaultConfigurationName = Release;
		};
/* End XCConfigurationList section */
	};
	rootObject = 281CEB002019B19F00C7D407 /* Project object */;
}
